// !$*UTF8*$!
{
	archiveVersion = 1;
	classes = {
	};
	objectVersion = 54;
	objects = {

/* Begin PBXBuildFile section */
		"04084143-ECB7-49B2-AB5F-F6942D100E36" /* ofxInputField.cpp in Sources */ = {isa = PBXBuildFile; fileRef = "8D7B1B2A-C45B-49ED-A404-F8FCA7CFD5F4" /* ofxInputField.cpp */; };
		"04CBCCD0-9B91-4758-9030-7A33DC1A9C80" /* ofxColorPicker.cpp in Sources */ = {isa = PBXBuildFile; fileRef = "F2E190E9-099B-4955-8787-27F1A0FDA9B1" /* ofxColorPicker.cpp */; };
		"05193094-9F40-4C44-81E3-00E6CB5D77AE" /* ofxOscBundle.cpp in Sources */ = {isa = PBXBuildFile; fileRef = "17F868AE-2814-48D0-BAEF-0504B34413E0" /* ofxOscBundle.cpp */; };
		"116A3492-6D78-4731-834D-1949BC33CE07" /* IpEndpointName.cpp in Sources */ = {isa = PBXBuildFile; fileRef = "B2BE126E-C189-4577-9A7B-DB56D26BAD84" /* IpEndpointName.cpp */; };
		"292E4C44-58AF-488D-B037-CC3F29581807" /* OscOutboundPacketStream.cpp in Sources */ = {isa = PBXBuildFile; fileRef = "B48C427A-F4E2-4263-B165-66A9822AFE0D" /* OscOutboundPacketStream.cpp */; };
		"30B92900-4029-4480-A6A6-1340F44B5F62" /* ofxPlottable.cpp in Sources */ = {isa = PBXBuildFile; fileRef = "98F0E85E-17BA-4306-8C69-FD2C09E28410" /* ofxPlottable.cpp */; };
		"33316B5E-78A3-4C95-A689-CD5366AE6B99" /* OscReceivedElements.cpp in Sources */ = {isa = PBXBuildFile; fileRef = "5100FD32-CE35-4BA1-9E30-6BC947A06E46" /* OscReceivedElements.cpp */; };
		"36A3CF9E-05E6-4C9C-AD82-5A67F0B83931" /* ofxTimeMeasurementsScoped.cpp in Sources */ = {isa = PBXBuildFile; fileRef = "1D58766D-3D6B-4303-9840-F3FFFE705A8F" /* ofxTimeMeasurementsScoped.cpp */; };
		"3D5D83A7-0425-453F-9E8A-B20FF4CC0D6E" /* ofxButton.cpp in Sources */ = {isa = PBXBuildFile; fileRef = "0C174F9C-A0FC-4531-833F-B5E8BB14DFCD" /* ofxButton.cpp */; };
		"40FBDCFC-2778-44F3-8A2B-FFED21EC475A" /* ofxOscReceiver.cpp in Sources */ = {isa = PBXBuildFile; fileRef = "237886BE-C54B-40FE-B42B-0934F05ABB36" /* ofxOscReceiver.cpp */; };
		"455BA1D7-2F93-469E-B3E9-E5EACF1FD09C" /* ofxOscMessage.cpp in Sources */ = {isa = PBXBuildFile; fileRef = "29C2963A-EF73-4056-B82C-EADFF279E433" /* ofxOscMessage.cpp */; };
		"48CC6303-1F84-4A69-A463-E0BC3B9C3325" /* ofxDividedArea.cpp in Sources */ = {isa = PBXBuildFile; fileRef = "22B0B84B-CE25-4C73-8D55-0122B32BCD07" /* ofxDividedArea.cpp */; };
		"5D2903BF-A898-4138-9256-0FD850A8EB0E" /* ofxHistoryPlot.cpp in Sources */ = {isa = PBXBuildFile; fileRef = "AB0821C5-1126-4908-8264-2CC899AEECB6" /* ofxHistoryPlot.cpp */; };
		"5F1BDB86-7122-4BA3-B695-E85DE2867F6C" /* OscPrintReceivedElements.cpp in Sources */ = {isa = PBXBuildFile; fileRef = "E9F72515-B349-4800-B12A-F577342CCE8E" /* OscPrintReceivedElements.cpp */; };
		"69105357-6144-4E8B-9CCA-D119148206A8" /* ofxToggle.cpp in Sources */ = {isa = PBXBuildFile; fileRef = "94BD3B33-5A49-4107-ADE2-57ED9E6F6F72" /* ofxToggle.cpp */; };
		"6A01C51C-EFA0-4314-8779-31C7F837DAA4" /* ofxTCPServer.cpp in Sources */ = {isa = PBXBuildFile; fileRef = "2B501805-AF3F-4D9E-A6CF-23148612909E" /* ofxTCPServer.cpp */; };
		"78B1817A-FC3D-4E7F-A08A-F22DA7ED8FF9" /* NetworkingUtils.cpp in Sources */ = {isa = PBXBuildFile; fileRef = "5625BB1F-B27F-4054-8B29-18497111BBEA" /* NetworkingUtils.cpp */; };
		"7B3FAC76-245A-4C35-9445-A3548D3E3BB0" /* ofxOscParameterSync.cpp in Sources */ = {isa = PBXBuildFile; fileRef = "A74A3480-3CBA-4267-B9B4-0F1FC14E77A2" /* ofxOscParameterSync.cpp */; };
		"81716F7E-029B-499C-BF49-7F3C2DCB80AD" /* BaseClient.cpp in Sources */ = {isa = PBXBuildFile; fileRef = "8F210A9D-3470-48A6-A5E5-06DE14C743F1" /* BaseClient.cpp */; };
		"81AA0DF3-5746-4755-9885-3E94FB8FA4F4" /* ofxTCPManager.cpp in Sources */ = {isa = PBXBuildFile; fileRef = "C8536F7F-CA83-4300-B513-92C16678B073" /* ofxTCPManager.cpp */; };
		"825D81EC-2340-4F32-B690-EA30A52FC64C" /* ofxSlider.cpp in Sources */ = {isa = PBXBuildFile; fileRef = "69388BE4-919C-4CF9-96BC-68D239F3B723" /* ofxSlider.cpp */; };
		"8987A01B-AE92-4DB1-9142-58237B522040" /* Plots.cpp in Sources */ = {isa = PBXBuildFile; fileRef = "61493C3E-2F91-4946-8DAE-0C7B10E5825F" /* Plots.cpp */; };
		"8BC8FA61-ED33-404A-9076-34D06C435750" /* ofxGuiGroup.cpp in Sources */ = {isa = PBXBuildFile; fileRef = "DD0F4F3D-90A5-49D1-84D4-715A1F703E50" /* ofxGuiGroup.cpp */; };
		"902A5B46-BBEE-4F0D-BC49-767D0ADDD213" /* ofxNetworkUtils.cpp in Sources */ = {isa = PBXBuildFile; fileRef = "8EE2036A-318C-4090-949C-89CE54BB3EAE" /* ofxNetworkUtils.cpp */; };
		"96AE6AA2-C8EB-439C-9B3C-18699D37BE68" /* ofxIntrospector.cpp in Sources */ = {isa = PBXBuildFile; fileRef = "E98D66A1-6AE2-4ABD-BF93-8F57631ECFA3" /* ofxIntrospector.cpp */; };
		"9F0260AE-C38F-4569-92FC-7D05679E280C" /* ofxOscSender.cpp in Sources */ = {isa = PBXBuildFile; fileRef = "2956F2C0-CD93-4832-A438-E64DAD3C6D92" /* ofxOscSender.cpp */; };
		"A0A3A7F8-4F35-4E35-8EDA-F61A4701B506" /* ofxTCPClient.cpp in Sources */ = {isa = PBXBuildFile; fileRef = "9573B29B-2163-401E-9956-03F681A03CE5" /* ofxTCPClient.cpp */; };
		"A1A55BDF-0379-4093-913A-F8794D3FE10A" /* ofxLabel.cpp in Sources */ = {isa = PBXBuildFile; fileRef = "0C14F8C8-B6BC-4DAB-B86D-F308478E7535" /* ofxLabel.cpp */; };
		"ABD31608-2865-48F3-B3AE-202347CA125F" /* ofxTimeMeasurements.cpp in Sources */ = {isa = PBXBuildFile; fileRef = "07F77E9D-0A5B-46DC-A42D-21BC39D308AC" /* ofxTimeMeasurements.cpp */; };
		"B584BD9A-F7DD-4749-BF22-8978B6B1F5FE" /* LiveClient.cpp in Sources */ = {isa = PBXBuildFile; fileRef = "3B836294-651E-4AC4-AA19-D4324D71368C" /* LiveClient.cpp */; };
		"B960CA07-27A3-4105-B6C3-08FBFBFDAADD" /* ofxSelfOrganizingMap.cpp in Sources */ = {isa = PBXBuildFile; fileRef = "652FB140-014E-4050-87EE-C7B9715B4274" /* ofxSelfOrganizingMap.cpp */; };
		"C9E7A341-4970-4025-A5C7-33CA46EF55F0" /* FileClient.cpp in Sources */ = {isa = PBXBuildFile; fileRef = "2FCD370E-1BEF-4B71-A30A-A3219EDA0FF0" /* FileClient.cpp */; };
		"CDA9B327-44CE-4C25-9FCD-E5C7BFBAD12F" /* UdpSocket.cpp in Sources */ = {isa = PBXBuildFile; fileRef = "10ADFA39-D2AD-4071-890C-22359BD26F23" /* UdpSocket.cpp */; };
		"CDC368AF-8DEE-4D32-8D2E-E99465BDB14B" /* ofxBaseGui.cpp in Sources */ = {isa = PBXBuildFile; fileRef = "3D3EF439-C643-4F7E-9091-C4F2589B730A" /* ofxBaseGui.cpp */; };
		"D07BC3B9-080F-4BFB-A2EE-D909B6A5EC54" /* Processor.cpp in Sources */ = {isa = PBXBuildFile; fileRef = "76ADC0C3-8F7D-40C5-A387-3236BCDC1537" /* Processor.cpp */; };
		"D932B958-6585-48B2-BDDC-800AFD3B6240" /* OscTypes.cpp in Sources */ = {isa = PBXBuildFile; fileRef = "794BC460-88A4-4764-9139-6F63A4C049F8" /* OscTypes.cpp */; };
		"DF33FA3D-58DC-45F4-BC64-CF28ABA3E787" /* ofxPanel.cpp in Sources */ = {isa = PBXBuildFile; fileRef = "F15898AC-7766-411D-B454-D80A7449A7ED" /* ofxPanel.cpp */; };
		"E33A5836-0074-4C12-8242-2EDEE5AA3DB4" /* MinimalTree.cpp in Sources */ = {isa = PBXBuildFile; fileRef = "6A0A87E2-33A6-4C50-AB6A-16B34BCEFA2A" /* MinimalTree.cpp */; };
		E4B69E200A3A1BDC003C02F2 /* main.cpp in Sources */ = {isa = PBXBuildFile; fileRef = E4B69E1D0A3A1BDC003C02F2 /* main.cpp */; };
		E4B69E210A3A1BDC003C02F2 /* ofApp.cpp in Sources */ = {isa = PBXBuildFile; fileRef = E4B69E1E0A3A1BDC003C02F2 /* ofApp.cpp */; };
		"F009CA97-3D34-4655-B7EC-EC135304EB36" /* SpectrumPlots.cpp in Sources */ = {isa = PBXBuildFile; fileRef = "142AD4EE-B1B2-46FB-BE6A-276EBD67410A" /* SpectrumPlots.cpp */; };
		"F1D64360-90FD-4B17-AA6B-CA76D45C1D7E" /* ofxUDPManager.cpp in Sources */ = {isa = PBXBuildFile; fileRef = "009B6BDD-01F9-4E34-B4FA-FF7FA6527687" /* ofxUDPManager.cpp */; };
		"F3517B5A-C96E-4339-A2CB-35B68F88EC8A" /* ofxSliderGroup.cpp in Sources */ = {isa = PBXBuildFile; fileRef = "6450F1E8-EEF3-4735-BB16-E33BEE3896BB" /* ofxSliderGroup.cpp */; };
/* End PBXBuildFile section */

/* Begin PBXCopyFilesBuildPhase section */
		E4A5B60F29BAAAE400C2D356 /* CopyFiles */ = {
			isa = PBXCopyFilesBuildPhase;
			buildActionMask = 2147483647;
			dstPath = "";
			dstSubfolderSpec = 6;
			files = (
			);
			runOnlyForDeploymentPostprocessing = 0;
		};
		E4C2427710CC5ABF004149E2 /* CopyFiles */ = {
			isa = PBXCopyFilesBuildPhase;
			buildActionMask = 2147483647;
			dstPath = "";
			dstSubfolderSpec = 10;
			files = (
			);
			runOnlyForDeploymentPostprocessing = 0;
		};
/* End PBXCopyFilesBuildPhase section */

/* Begin PBXFileReference section */
		"00439631-4A09-455E-8958-01BBCA4C072A" /* JacobiShader.h */ = {isa = PBXFileReference; fileEncoding = 4; lastKnownFileType = sourcecode.cpp.h; name = JacobiShader.h; path = ../../../addons/ofxRenderer/src/fluid/JacobiShader.h; sourceTree = SOURCE_ROOT; };
		"009B6BDD-01F9-4E34-B4FA-FF7FA6527687" /* ofxUDPManager.cpp */ = {isa = PBXFileReference; fileEncoding = 4; lastKnownFileType = sourcecode.cpp.cpp; name = ofxUDPManager.cpp; path = ../../../addons/ofxNetwork/src/ofxUDPManager.cpp; sourceTree = SOURCE_ROOT; };
		"0246DD40-014C-43E2-B61A-42136F1D7A60" /* AddRadialImpulseShader.h */ = {isa = PBXFileReference; fileEncoding = 4; lastKnownFileType = sourcecode.cpp.h; name = AddRadialImpulseShader.h; path = ../../../addons/ofxRenderer/src/fluid/AddRadialImpulseShader.h; sourceTree = SOURCE_ROOT; };
		"02CA2BE8-9575-48AB-A9E7-7A8D016522B2" /* OscException.h */ = {isa = PBXFileReference; fileEncoding = 4; lastKnownFileType = sourcecode.cpp.h; name = OscException.h; path = ../../../addons/ofxOsc/libs/oscpack/src/osc/OscException.h; sourceTree = SOURCE_ROOT; };
		"04C7642F-E0D5-4233-B2B0-50C05E127851" /* ofxOscBundle.h */ = {isa = PBXFileReference; fileEncoding = 4; lastKnownFileType = sourcecode.cpp.h; name = ofxOscBundle.h; path = ../../../addons/ofxOsc/src/ofxOscBundle.h; sourceTree = SOURCE_ROOT; };
		"05502626-3043-4703-9666-511B43721BC5" /* ofxLabel.h */ = {isa = PBXFileReference; fileEncoding = 4; lastKnownFileType = sourcecode.cpp.h; name = ofxLabel.h; path = ../../../addons/ofxGui/src/ofxLabel.h; sourceTree = SOURCE_ROOT; };
		"05949B80-205F-4A1E-B433-D2691B072C70" /* ofxNetworkUtils.h */ = {isa = PBXFileReference; fileEncoding = 4; lastKnownFileType = sourcecode.cpp.h; name = ofxNetworkUtils.h; path = ../../../addons/ofxNetwork/src/ofxNetworkUtils.h; sourceTree = SOURCE_ROOT; };
		"07F77E9D-0A5B-46DC-A42D-21BC39D308AC" /* ofxTimeMeasurements.cpp */ = {isa = PBXFileReference; fileEncoding = 4; lastKnownFileType = sourcecode.cpp.cpp; name = ofxTimeMeasurements.cpp; path = ../../../addons/ofxTimeMeasurements/src/ofxTimeMeasurements.cpp; sourceTree = SOURCE_ROOT; };
		"0C14F8C8-B6BC-4DAB-B86D-F308478E7535" /* ofxLabel.cpp */ = {isa = PBXFileReference; fileEncoding = 4; lastKnownFileType = sourcecode.cpp.cpp; name = ofxLabel.cpp; path = ../../../addons/ofxGui/src/ofxLabel.cpp; sourceTree = SOURCE_ROOT; };
		"0C174F9C-A0FC-4531-833F-B5E8BB14DFCD" /* ofxButton.cpp */ = {isa = PBXFileReference; fileEncoding = 4; lastKnownFileType = sourcecode.cpp.cpp; name = ofxButton.cpp; path = ../../../addons/ofxGui/src/ofxButton.cpp; sourceTree = SOURCE_ROOT; };
		"0E07166E-205F-4B3B-BEBA-D72C50D12F9F" /* MultiplyColorShader.h */ = {isa = PBXFileReference; fileEncoding = 4; lastKnownFileType = sourcecode.cpp.h; name = MultiplyColorShader.h; path = ../../../addons/ofxRenderer/src/shaders/MultiplyColorShader.h; sourceTree = SOURCE_ROOT; };
		"0F797553-11F3-4BFD-B3E8-FDF7A0A9E5EE" /* GaussianXBlurShader.h */ = {isa = PBXFileReference; fileEncoding = 4; lastKnownFileType = sourcecode.cpp.h; name = GaussianXBlurShader.h; path = ../../../addons/ofxRenderer/src/shaders/GaussianXBlurShader.h; sourceTree = SOURCE_ROOT; };
		"0FD4ECD7-2BD0-47C4-BB24-77801CCF273B" /* UdpSocket.h */ = {isa = PBXFileReference; fileEncoding = 4; lastKnownFileType = sourcecode.cpp.h; name = UdpSocket.h; path = ../../../addons/ofxOsc/libs/oscpack/src/ip/UdpSocket.h; sourceTree = SOURCE_ROOT; };
		"10ADFA39-D2AD-4071-890C-22359BD26F23" /* UdpSocket.cpp */ = {isa = PBXFileReference; fileEncoding = 4; lastKnownFileType = sourcecode.cpp.cpp; name = UdpSocket.cpp; path = ../../../addons/ofxOsc/libs/oscpack/src/ip/posix/UdpSocket.cpp; sourceTree = SOURCE_ROOT; };
		"1165F487-30CC-44A3-BB96-8AC7D97B50AE" /* ofxSelfOrganizingMap.h */ = {isa = PBXFileReference; fileEncoding = 4; lastKnownFileType = sourcecode.cpp.h; name = ofxSelfOrganizingMap.h; path = ../../../addons/ofxSelfOrganizingMap/src/ofxSelfOrganizingMap.h; sourceTree = SOURCE_ROOT; };
		"142AD4EE-B1B2-46FB-BE6A-276EBD67410A" /* SpectrumPlots.cpp */ = {isa = PBXFileReference; fileEncoding = 4; lastKnownFileType = sourcecode.cpp.cpp; name = SpectrumPlots.cpp; path = ../../../addons/ofxAudioData/src/SpectrumPlots.cpp; sourceTree = SOURCE_ROOT; };
		"14CC08D3-A464-4A67-AABF-1695BAE013D5" /* OscHostEndianness.h */ = {isa = PBXFileReference; fileEncoding = 4; lastKnownFileType = sourcecode.cpp.h; name = OscHostEndianness.h; path = ../../../addons/ofxOsc/libs/oscpack/src/osc/OscHostEndianness.h; sourceTree = SOURCE_ROOT; };
		"169085A7-6D3C-4924-A71F-1E1C37FB08EE" /* ApplyBouyancyShader.h */ = {isa = PBXFileReference; fileEncoding = 4; lastKnownFileType = sourcecode.cpp.h; name = ApplyBouyancyShader.h; path = ../../../addons/ofxRenderer/src/fluid/ApplyBouyancyShader.h; sourceTree = SOURCE_ROOT; };
		"17F868AE-2814-48D0-BAEF-0504B34413E0" /* ofxOscBundle.cpp */ = {isa = PBXFileReference; fileEncoding = 4; lastKnownFileType = sourcecode.cpp.cpp; name = ofxOscBundle.cpp; path = ../../../addons/ofxOsc/src/ofxOscBundle.cpp; sourceTree = SOURCE_ROOT; };
		191CD6FA2847E21E0085CBB6 /* of.entitlements */ = {isa = PBXFileReference; fileEncoding = 4; lastKnownFileType = text.plist.entitlements; path = of.entitlements; sourceTree = "<group>"; };
		191EF70929D778A400F35F26 /* openFrameworks */ = {isa = PBXFileReference; lastKnownFileType = folder; name = openFrameworks; path = ../../../libs/openFrameworks; sourceTree = SOURCE_ROOT; };
		"1D58766D-3D6B-4303-9840-F3FFFE705A8F" /* ofxTimeMeasurementsScoped.cpp */ = {isa = PBXFileReference; fileEncoding = 4; lastKnownFileType = sourcecode.cpp.cpp; name = ofxTimeMeasurementsScoped.cpp; path = ../../../addons/ofxTimeMeasurements/src/ofxTimeMeasurementsScoped.cpp; sourceTree = SOURCE_ROOT; };
		"22A4DF97-CD31-4C31-83F4-1DFC4FFB6127" /* ofxOscReceiver.h */ = {isa = PBXFileReference; fileEncoding = 4; lastKnownFileType = sourcecode.cpp.h; name = ofxOscReceiver.h; path = ../../../addons/ofxOsc/src/ofxOscReceiver.h; sourceTree = SOURCE_ROOT; };
		"22B0B84B-CE25-4C73-8D55-0122B32BCD07" /* ofxDividedArea.cpp */ = {isa = PBXFileReference; fileEncoding = 4; lastKnownFileType = sourcecode.cpp.cpp; name = ofxDividedArea.cpp; path = ../../../addons/ofxDividedArea/src/ofxDividedArea.cpp; sourceTree = SOURCE_ROOT; };
		"237886BE-C54B-40FE-B42B-0934F05ABB36" /* ofxOscReceiver.cpp */ = {isa = PBXFileReference; fileEncoding = 4; lastKnownFileType = sourcecode.cpp.cpp; name = ofxOscReceiver.cpp; path = ../../../addons/ofxOsc/src/ofxOscReceiver.cpp; sourceTree = SOURCE_ROOT; };
		"244B4FEF-1AB0-47BB-9DFA-42FF97DF8BF6" /* bin/data */ = {isa = PBXFileReference; fileEncoding = 4; lastKnownFileType = folder; path = bin/data; sourceTree = SOURCE_ROOT; };
		"2956F2C0-CD93-4832-A438-E64DAD3C6D92" /* ofxOscSender.cpp */ = {isa = PBXFileReference; fileEncoding = 4; lastKnownFileType = sourcecode.cpp.cpp; name = ofxOscSender.cpp; path = ../../../addons/ofxOsc/src/ofxOscSender.cpp; sourceTree = SOURCE_ROOT; };
		"29C2963A-EF73-4056-B82C-EADFF279E433" /* ofxOscMessage.cpp */ = {isa = PBXFileReference; fileEncoding = 4; lastKnownFileType = sourcecode.cpp.cpp; name = ofxOscMessage.cpp; path = ../../../addons/ofxOsc/src/ofxOscMessage.cpp; sourceTree = SOURCE_ROOT; };
		"2A0A6FFC-070A-436C-9AD5-4E66C4BA4C95" /* Plots.hpp */ = {isa = PBXFileReference; fileEncoding = 4; lastKnownFileType = sourcecode.cpp.h; name = Plots.hpp; path = ../../../addons/ofxAudioData/src/Plots.hpp; sourceTree = SOURCE_ROOT; };
		"2AD37250-938B-4F81-8896-BB5D5D7F4513" /* ofxButton.h */ = {isa = PBXFileReference; fileEncoding = 4; lastKnownFileType = sourcecode.cpp.h; name = ofxButton.h; path = ../../../addons/ofxGui/src/ofxButton.h; sourceTree = SOURCE_ROOT; };
		"2B501805-AF3F-4D9E-A6CF-23148612909E" /* ofxTCPServer.cpp */ = {isa = PBXFileReference; fileEncoding = 4; lastKnownFileType = sourcecode.cpp.cpp; name = ofxTCPServer.cpp; path = ../../../addons/ofxNetwork/src/ofxTCPServer.cpp; sourceTree = SOURCE_ROOT; };
		"2B60AA4A-50C3-40C5-9396-3BA7ED1AACDA" /* ofxTimeMeasurements.h */ = {isa = PBXFileReference; fileEncoding = 4; lastKnownFileType = sourcecode.cpp.h; name = ofxTimeMeasurements.h; path = ../../../addons/ofxTimeMeasurements/src/ofxTimeMeasurements.h; sourceTree = SOURCE_ROOT; };
		"2CD177D1-FEDB-4D41-B132-436851E8E8AD" /* FadeShader.h */ = {isa = PBXFileReference; fileEncoding = 4; lastKnownFileType = sourcecode.cpp.h; name = FadeShader.h; path = ../../../addons/ofxRenderer/src/shaders/FadeShader.h; sourceTree = SOURCE_ROOT; };
		"2FCD370E-1BEF-4B71-A30A-A3219EDA0FF0" /* FileClient.cpp */ = {isa = PBXFileReference; fileEncoding = 4; lastKnownFileType = sourcecode.cpp.cpp; name = FileClient.cpp; path = ../../../addons/ofxAudioAnalysisClient/src/FileClient.cpp; sourceTree = SOURCE_ROOT; };
		"30167A92-5122-4DBC-BE93-C928CFDA8C03" /* dkm.hpp */ = {isa = PBXFileReference; fileEncoding = 4; lastKnownFileType = sourcecode.cpp.h; name = dkm.hpp; path = src/dkm.hpp; sourceTree = SOURCE_ROOT; };
		"31F9EAE8-9F63-4719-8DA7-E1A30044F749" /* ofxDividedArea.h */ = {isa = PBXFileReference; fileEncoding = 4; lastKnownFileType = sourcecode.cpp.h; name = ofxDividedArea.h; path = ../../../addons/ofxDividedArea/src/ofxDividedArea.h; sourceTree = SOURCE_ROOT; };
		"3237AC82-52DB-418E-A8FC-95BBEB7D6EFD" /* ofxTCPSettings.h */ = {isa = PBXFileReference; fileEncoding = 4; lastKnownFileType = sourcecode.cpp.h; name = ofxTCPSettings.h; path = ../../../addons/ofxNetwork/src/ofxTCPSettings.h; sourceTree = SOURCE_ROOT; };
		"346A7063-E46F-4840-909E-EAD75595E87A" /* ofxOscSender.h */ = {isa = PBXFileReference; fileEncoding = 4; lastKnownFileType = sourcecode.cpp.h; name = ofxOscSender.h; path = ../../../addons/ofxOsc/src/ofxOscSender.h; sourceTree = SOURCE_ROOT; };
		"37BB6369-8830-4FB2-A5D3-8FEF82AE1965" /* Constants.h */ = {isa = PBXFileReference; fileEncoding = 4; lastKnownFileType = sourcecode.cpp.h; name = Constants.h; path = src/Constants.h; sourceTree = SOURCE_ROOT; };
		"3B836294-651E-4AC4-AA19-D4324D71368C" /* LiveClient.cpp */ = {isa = PBXFileReference; fileEncoding = 4; lastKnownFileType = sourcecode.cpp.cpp; name = LiveClient.cpp; path = ../../../addons/ofxAudioAnalysisClient/src/LiveClient.cpp; sourceTree = SOURCE_ROOT; };
		"3C2CE4B0-2C2A-4D32-9BF9-8B236C2B9358" /* ofxTCPManager.h */ = {isa = PBXFileReference; fileEncoding = 4; lastKnownFileType = sourcecode.cpp.h; name = ofxTCPManager.h; path = ../../../addons/ofxNetwork/src/ofxTCPManager.h; sourceTree = SOURCE_ROOT; };
		"3D3EF439-C643-4F7E-9091-C4F2589B730A" /* ofxBaseGui.cpp */ = {isa = PBXFileReference; fileEncoding = 4; lastKnownFileType = sourcecode.cpp.cpp; name = ofxBaseGui.cpp; path = ../../../addons/ofxGui/src/ofxBaseGui.cpp; sourceTree = SOURCE_ROOT; };
		"3E48DB17-3CD0-485B-8CFF-EBC631ABA8AA" /* ofxTCPClient.h */ = {isa = PBXFileReference; fileEncoding = 4; lastKnownFileType = sourcecode.cpp.h; name = ofxTCPClient.h; path = ../../../addons/ofxNetwork/src/ofxTCPClient.h; sourceTree = SOURCE_ROOT; };
		"42D206F5-A115-43EC-B377-10AB7678E45D" /* OscPrintReceivedElements.h */ = {isa = PBXFileReference; fileEncoding = 4; lastKnownFileType = sourcecode.cpp.h; name = OscPrintReceivedElements.h; path = ../../../addons/ofxOsc/libs/oscpack/src/osc/OscPrintReceivedElements.h; sourceTree = SOURCE_ROOT; };
		"45658A17-E73D-4F2E-AA3D-E4F3BB72D2E0" /* ofxOscMessage.h */ = {isa = PBXFileReference; fileEncoding = 4; lastKnownFileType = sourcecode.cpp.h; name = ofxOscMessage.h; path = ../../../addons/ofxOsc/src/ofxOscMessage.h; sourceTree = SOURCE_ROOT; };
		"4824DFC4-102A-4056-96E9-5DD1C872CF9D" /* MaskShader.h */ = {isa = PBXFileReference; fileEncoding = 4; lastKnownFileType = sourcecode.cpp.h; name = MaskShader.h; path = ../../../addons/ofxRenderer/src/shaders/MaskShader.h; sourceTree = SOURCE_ROOT; };
		"5100FD32-CE35-4BA1-9E30-6BC947A06E46" /* OscReceivedElements.cpp */ = {isa = PBXFileReference; fileEncoding = 4; lastKnownFileType = sourcecode.cpp.cpp; name = OscReceivedElements.cpp; path = ../../../addons/ofxOsc/libs/oscpack/src/osc/OscReceivedElements.cpp; sourceTree = SOURCE_ROOT; };
		"53E2150F-1414-436F-B2F8-AC8A208C4500" /* ofxOscParameterSync.h */ = {isa = PBXFileReference; fileEncoding = 4; lastKnownFileType = sourcecode.cpp.h; name = ofxOscParameterSync.h; path = ../../../addons/ofxOsc/src/ofxOscParameterSync.h; sourceTree = SOURCE_ROOT; };
		"549E3176-BBA1-4959-8902-F5DBA3EE8F50" /* ofxUDPSettings.h */ = {isa = PBXFileReference; fileEncoding = 4; lastKnownFileType = sourcecode.cpp.h; name = ofxUDPSettings.h; path = ../../../addons/ofxNetwork/src/ofxUDPSettings.h; sourceTree = SOURCE_ROOT; };
		"5625BB1F-B27F-4054-8B29-18497111BBEA" /* NetworkingUtils.cpp */ = {isa = PBXFileReference; fileEncoding = 4; lastKnownFileType = sourcecode.cpp.cpp; name = NetworkingUtils.cpp; path = ../../../addons/ofxOsc/libs/oscpack/src/ip/posix/NetworkingUtils.cpp; sourceTree = SOURCE_ROOT; };
		"57DB3958-4B87-46BE-8F40-1A7D29F45364" /* OscPacketListener.h */ = {isa = PBXFileReference; fileEncoding = 4; lastKnownFileType = sourcecode.cpp.h; name = OscPacketListener.h; path = ../../../addons/ofxOsc/libs/oscpack/src/osc/OscPacketListener.h; sourceTree = SOURCE_ROOT; };
		"5A5B2CAA-4598-4800-B2F3-9FBB7BE47458" /* ofxSlider.h */ = {isa = PBXFileReference; fileEncoding = 4; lastKnownFileType = sourcecode.cpp.h; name = ofxSlider.h; path = ../../../addons/ofxGui/src/ofxSlider.h; sourceTree = SOURCE_ROOT; };
		"5D35EC9B-992A-428F-BCAE-9EEB89B3DFA9" /* ofxHistoryPlot.h */ = {isa = PBXFileReference; fileEncoding = 4; lastKnownFileType = sourcecode.cpp.h; name = ofxHistoryPlot.h; path = ../../../addons/ofxHistoryPlot/src/ofxHistoryPlot.h; sourceTree = SOURCE_ROOT; };
		"5D666E40-22F9-45DF-A62C-A2B012F592BF" /* ofxSliderGroup.h */ = {isa = PBXFileReference; fileEncoding = 4; lastKnownFileType = sourcecode.cpp.h; name = ofxSliderGroup.h; path = ../../../addons/ofxGui/src/ofxSliderGroup.h; sourceTree = SOURCE_ROOT; };
		"61493C3E-2F91-4946-8DAE-0C7B10E5825F" /* Plots.cpp */ = {isa = PBXFileReference; fileEncoding = 4; lastKnownFileType = sourcecode.cpp.cpp; name = Plots.cpp; path = ../../../addons/ofxAudioData/src/Plots.cpp; sourceTree = SOURCE_ROOT; };
		"6450F1E8-EEF3-4735-BB16-E33BEE3896BB" /* ofxSliderGroup.cpp */ = {isa = PBXFileReference; fileEncoding = 4; lastKnownFileType = sourcecode.cpp.cpp; name = ofxSliderGroup.cpp; path = ../../../addons/ofxGui/src/ofxSliderGroup.cpp; sourceTree = SOURCE_ROOT; };
		"652FB140-014E-4050-87EE-C7B9715B4274" /* ofxSelfOrganizingMap.cpp */ = {isa = PBXFileReference; fileEncoding = 4; lastKnownFileType = sourcecode.cpp.cpp; name = ofxSelfOrganizingMap.cpp; path = ../../../addons/ofxSelfOrganizingMap/src/ofxSelfOrganizingMap.cpp; sourceTree = SOURCE_ROOT; };
		"69388BE4-919C-4CF9-96BC-68D239F3B723" /* ofxSlider.cpp */ = {isa = PBXFileReference; fileEncoding = 4; lastKnownFileType = sourcecode.cpp.cpp; name = ofxSlider.cpp; path = ../../../addons/ofxGui/src/ofxSlider.cpp; sourceTree = SOURCE_ROOT; };
		"6A0A87E2-33A6-4C50-AB6A-16B34BCEFA2A" /* MinimalTree.cpp */ = {isa = PBXFileReference; fileEncoding = 4; lastKnownFileType = sourcecode.cpp.cpp; name = MinimalTree.cpp; path = ../../../addons/ofxTimeMeasurements/src/MinimalTree.cpp; sourceTree = SOURCE_ROOT; };
		"6D5770E2-A22E-40AB-A9CD-D862F9062585" /* OscTypes.h */ = {isa = PBXFileReference; fileEncoding = 4; lastKnownFileType = sourcecode.cpp.h; name = OscTypes.h; path = ../../../addons/ofxOsc/libs/oscpack/src/osc/OscTypes.h; sourceTree = SOURCE_ROOT; };
		"74B1E327-3588-4955-A0B2-8A52DD332C26" /* DivergenceRenderer.h */ = {isa = PBXFileReference; fileEncoding = 4; lastKnownFileType = sourcecode.cpp.h; name = DivergenceRenderer.h; path = ../../../addons/ofxRenderer/src/fluid/DivergenceRenderer.h; sourceTree = SOURCE_ROOT; };
		"76ADC0C3-8F7D-40C5-A387-3236BCDC1537" /* Processor.cpp */ = {isa = PBXFileReference; fileEncoding = 4; lastKnownFileType = sourcecode.cpp.cpp; name = Processor.cpp; path = ../../../addons/ofxAudioData/src/Processor.cpp; sourceTree = SOURCE_ROOT; };
		"7868FE0B-8B03-4317-9429-F32AFA1F4D2E" /* ofxPlottable.h */ = {isa = PBXFileReference; fileEncoding = 4; lastKnownFileType = sourcecode.cpp.h; name = ofxPlottable.h; path = ../../../addons/ofxPlottable/src/ofxPlottable.h; sourceTree = SOURCE_ROOT; };
		"794BC460-88A4-4764-9139-6F63A4C049F8" /* OscTypes.cpp */ = {isa = PBXFileReference; fileEncoding = 4; lastKnownFileType = sourcecode.cpp.cpp; name = OscTypes.cpp; path = ../../../addons/ofxOsc/libs/oscpack/src/osc/OscTypes.cpp; sourceTree = SOURCE_ROOT; };
		"7BB9DA21-2072-4379-A65D-8529B9F54409" /* GaussianYBlurShader.h */ = {isa = PBXFileReference; fileEncoding = 4; lastKnownFileType = sourcecode.cpp.h; name = GaussianYBlurShader.h; path = ../../../addons/ofxRenderer/src/shaders/GaussianYBlurShader.h; sourceTree = SOURCE_ROOT; };
		"7BD231E7-EF34-4272-B424-64B23647AF9C" /* ofxPanel.h */ = {isa = PBXFileReference; fileEncoding = 4; lastKnownFileType = sourcecode.cpp.h; name = ofxPanel.h; path = ../../../addons/ofxGui/src/ofxPanel.h; sourceTree = SOURCE_ROOT; };
		"7BF85621-69EE-4F1D-A2F5-B849A3474EE9" /* MessageMappingOscPacketListener.h */ = {isa = PBXFileReference; fileEncoding = 4; lastKnownFileType = sourcecode.cpp.h; name = MessageMappingOscPacketListener.h; path = ../../../addons/ofxOsc/libs/oscpack/src/osc/MessageMappingOscPacketListener.h; sourceTree = SOURCE_ROOT; };
		"82144229-EE23-4ABA-9660-3E9027E1E76C" /* ofxColorPicker.h */ = {isa = PBXFileReference; fileEncoding = 4; lastKnownFileType = sourcecode.cpp.h; name = ofxColorPicker.h; path = ../../../addons/ofxGui/src/ofxColorPicker.h; sourceTree = SOURCE_ROOT; };
		"823A2D5F-A578-416F-88EF-2823F5B4EDDB" /* LiveClient.hpp */ = {isa = PBXFileReference; fileEncoding = 4; lastKnownFileType = sourcecode.cpp.h; name = LiveClient.hpp; path = ../../../addons/ofxAudioAnalysisClient/src/LiveClient.hpp; sourceTree = SOURCE_ROOT; };
		"87494248-4028-4B3B-BEE3-71F46517C5C2" /* MinimalTree.h */ = {isa = PBXFileReference; fileEncoding = 4; lastKnownFileType = sourcecode.cpp.h; name = MinimalTree.h; path = ../../../addons/ofxTimeMeasurements/src/MinimalTree.h; sourceTree = SOURCE_ROOT; };
		"8A25C8DB-D301-4C55-806A-09346A88CA50" /* VorticityRenderer.h */ = {isa = PBXFileReference; fileEncoding = 4; lastKnownFileType = sourcecode.cpp.h; name = VorticityRenderer.h; path = ../../../addons/ofxRenderer/src/fluid/VorticityRenderer.h; sourceTree = SOURCE_ROOT; };
		"8D4B435E-CD38-46AD-BC30-901677FB4091" /* ofxTCPServer.h */ = {isa = PBXFileReference; fileEncoding = 4; lastKnownFileType = sourcecode.cpp.h; name = ofxTCPServer.h; path = ../../../addons/ofxNetwork/src/ofxTCPServer.h; sourceTree = SOURCE_ROOT; };
		"8D7B1B2A-C45B-49ED-A404-F8FCA7CFD5F4" /* ofxInputField.cpp */ = {isa = PBXFileReference; fileEncoding = 4; lastKnownFileType = sourcecode.cpp.cpp; name = ofxInputField.cpp; path = ../../../addons/ofxGui/src/ofxInputField.cpp; sourceTree = SOURCE_ROOT; };
		"8EE2036A-318C-4090-949C-89CE54BB3EAE" /* ofxNetworkUtils.cpp */ = {isa = PBXFileReference; fileEncoding = 4; lastKnownFileType = sourcecode.cpp.cpp; name = ofxNetworkUtils.cpp; path = ../../../addons/ofxNetwork/src/ofxNetworkUtils.cpp; sourceTree = SOURCE_ROOT; };
		"8F210A9D-3470-48A6-A5E5-06DE14C743F1" /* BaseClient.cpp */ = {isa = PBXFileReference; fileEncoding = 4; lastKnownFileType = sourcecode.cpp.cpp; name = BaseClient.cpp; path = ../../../addons/ofxAudioAnalysisClient/src/BaseClient.cpp; sourceTree = SOURCE_ROOT; };
		"905DC530-11EF-4437-BC68-DEF573E2006B" /* ofxTimeMeasurementsMacros.h */ = {isa = PBXFileReference; fileEncoding = 4; lastKnownFileType = sourcecode.cpp.h; name = ofxTimeMeasurementsMacros.h; path = ../../../addons/ofxTimeMeasurements/src/ofxTimeMeasurementsMacros.h; sourceTree = SOURCE_ROOT; };
		"94BD3B33-5A49-4107-ADE2-57ED9E6F6F72" /* ofxToggle.cpp */ = {isa = PBXFileReference; fileEncoding = 4; lastKnownFileType = sourcecode.cpp.cpp; name = ofxToggle.cpp; path = ../../../addons/ofxGui/src/ofxToggle.cpp; sourceTree = SOURCE_ROOT; };
		"9573B29B-2163-401E-9956-03F681A03CE5" /* ofxTCPClient.cpp */ = {isa = PBXFileReference; fileEncoding = 4; lastKnownFileType = sourcecode.cpp.cpp; name = ofxTCPClient.cpp; path = ../../../addons/ofxNetwork/src/ofxTCPClient.cpp; sourceTree = SOURCE_ROOT; };
		"985EA3E0-7EA7-4ABD-B4FC-B0BD85DCDE14" /* ofxAudioData.h */ = {isa = PBXFileReference; fileEncoding = 4; lastKnownFileType = sourcecode.cpp.h; name = ofxAudioData.h; path = ../../../addons/ofxAudioData/src/ofxAudioData.h; sourceTree = SOURCE_ROOT; };
		"98C1AA24-2341-45D4-90D8-C46C09873F6A" /* ofxGuiUtils.h */ = {isa = PBXFileReference; fileEncoding = 4; lastKnownFileType = sourcecode.cpp.h; name = ofxGuiUtils.h; path = ../../../addons/ofxGui/src/ofxGuiUtils.h; sourceTree = SOURCE_ROOT; };
		"98F0E85E-17BA-4306-8C69-FD2C09E28410" /* ofxPlottable.cpp */ = {isa = PBXFileReference; fileEncoding = 4; lastKnownFileType = sourcecode.cpp.cpp; name = ofxPlottable.cpp; path = ../../../addons/ofxPlottable/src/ofxPlottable.cpp; sourceTree = SOURCE_ROOT; };
		"9CD89C6D-106C-4459-A813-2AF979D30CE2" /* ofxTimeMeasurementsScoped.h */ = {isa = PBXFileReference; fileEncoding = 4; lastKnownFileType = sourcecode.cpp.h; name = ofxTimeMeasurementsScoped.h; path = ../../../addons/ofxTimeMeasurements/src/ofxTimeMeasurementsScoped.h; sourceTree = SOURCE_ROOT; };
		"9F50525F-6F97-4C3C-B18C-0E315F2F4EB1" /* Processor.hpp */ = {isa = PBXFileReference; fileEncoding = 4; lastKnownFileType = sourcecode.cpp.h; name = Processor.hpp; path = ../../../addons/ofxAudioData/src/Processor.hpp; sourceTree = SOURCE_ROOT; };
		"A74A3480-3CBA-4267-B9B4-0F1FC14E77A2" /* ofxOscParameterSync.cpp */ = {isa = PBXFileReference; fileEncoding = 4; lastKnownFileType = sourcecode.cpp.cpp; name = ofxOscParameterSync.cpp; path = ../../../addons/ofxOsc/src/ofxOscParameterSync.cpp; sourceTree = SOURCE_ROOT; };
		"A7B7B1C6-3872-4672-A03A-ECA396E0DC3F" /* ofxInputField.h */ = {isa = PBXFileReference; fileEncoding = 4; lastKnownFileType = sourcecode.cpp.h; name = ofxInputField.h; path = ../../../addons/ofxGui/src/ofxInputField.h; sourceTree = SOURCE_ROOT; };
		"A9487CA1-C20A-4D91-801B-DF312A018643" /* ofxUDPManager.h */ = {isa = PBXFileReference; fileEncoding = 4; lastKnownFileType = sourcecode.cpp.h; name = ofxUDPManager.h; path = ../../../addons/ofxNetwork/src/ofxUDPManager.h; sourceTree = SOURCE_ROOT; };
		"AAA99467-5D41-4069-AAF8-C28EAE594F7A" /* SubtractDivergenceShader.h */ = {isa = PBXFileReference; fileEncoding = 4; lastKnownFileType = sourcecode.cpp.h; name = SubtractDivergenceShader.h; path = ../../../addons/ofxRenderer/src/fluid/SubtractDivergenceShader.h; sourceTree = SOURCE_ROOT; };
		"AB0821C5-1126-4908-8264-2CC899AEECB6" /* ofxHistoryPlot.cpp */ = {isa = PBXFileReference; fileEncoding = 4; lastKnownFileType = sourcecode.cpp.cpp; name = ofxHistoryPlot.cpp; path = ../../../addons/ofxHistoryPlot/src/ofxHistoryPlot.cpp; sourceTree = SOURCE_ROOT; };
		"AD61E897-FD88-41BD-A8B0-8B23FC4C8279" /* ofxBaseGui.h */ = {isa = PBXFileReference; fileEncoding = 4; lastKnownFileType = sourcecode.cpp.h; name = ofxBaseGui.h; path = ../../../addons/ofxGui/src/ofxBaseGui.h; sourceTree = SOURCE_ROOT; };
		"B13D7E4A-4F84-464E-AD81-144538C886BA" /* FluidSimulation.h */ = {isa = PBXFileReference; fileEncoding = 4; lastKnownFileType = sourcecode.cpp.h; name = FluidSimulation.h; path = ../../../addons/ofxRenderer/src/fluid/FluidSimulation.h; sourceTree = SOURCE_ROOT; };
		"B2BE126E-C189-4577-9A7B-DB56D26BAD84" /* IpEndpointName.cpp */ = {isa = PBXFileReference; fileEncoding = 4; lastKnownFileType = sourcecode.cpp.cpp; name = IpEndpointName.cpp; path = ../../../addons/ofxOsc/libs/oscpack/src/ip/IpEndpointName.cpp; sourceTree = SOURCE_ROOT; };
		"B48C427A-F4E2-4263-B165-66A9822AFE0D" /* OscOutboundPacketStream.cpp */ = {isa = PBXFileReference; fileEncoding = 4; lastKnownFileType = sourcecode.cpp.cpp; name = OscOutboundPacketStream.cpp; path = ../../../addons/ofxOsc/libs/oscpack/src/osc/OscOutboundPacketStream.cpp; sourceTree = SOURCE_ROOT; };
		"B7928916-B81A-4ECE-B9E4-FE7FCA852A19" /* PacketListener.h */ = {isa = PBXFileReference; fileEncoding = 4; lastKnownFileType = sourcecode.cpp.h; name = PacketListener.h; path = ../../../addons/ofxOsc/libs/oscpack/src/ip/PacketListener.h; sourceTree = SOURCE_ROOT; };
		"B8BBA5E0-3EB4-466F-8361-25917842C349" /* SpectrumPlots.hpp */ = {isa = PBXFileReference; fileEncoding = 4; lastKnownFileType = sourcecode.cpp.h; name = SpectrumPlots.hpp; path = ../../../addons/ofxAudioData/src/SpectrumPlots.hpp; sourceTree = SOURCE_ROOT; };
		"BC649547-D122-4799-8DCB-3A1B571C060F" /* ofxOsc.h */ = {isa = PBXFileReference; fileEncoding = 4; lastKnownFileType = sourcecode.cpp.h; name = ofxOsc.h; path = ../../../addons/ofxOsc/src/ofxOsc.h; sourceTree = SOURCE_ROOT; };
		"BCD72502-5603-4C6F-8961-1307C856723D" /* NetworkingUtils.h */ = {isa = PBXFileReference; fileEncoding = 4; lastKnownFileType = sourcecode.cpp.h; name = NetworkingUtils.h; path = ../../../addons/ofxOsc/libs/oscpack/src/ip/NetworkingUtils.h; sourceTree = SOURCE_ROOT; };
		"C1A26AFB-3148-4993-9D19-FFA4C2577D90" /* ofxOscArg.h */ = {isa = PBXFileReference; fileEncoding = 4; lastKnownFileType = sourcecode.cpp.h; name = ofxOscArg.h; path = ../../../addons/ofxOsc/src/ofxOscArg.h; sourceTree = SOURCE_ROOT; };
		"C8536F7F-CA83-4300-B513-92C16678B073" /* ofxTCPManager.cpp */ = {isa = PBXFileReference; fileEncoding = 4; lastKnownFileType = sourcecode.cpp.cpp; name = ofxTCPManager.cpp; path = ../../../addons/ofxNetwork/src/ofxTCPManager.cpp; sourceTree = SOURCE_ROOT; };
		"C8B90623-E2EE-4C3E-B53A-E479882A0C33" /* ofxAudioAnalysisClient.h */ = {isa = PBXFileReference; fileEncoding = 4; lastKnownFileType = sourcecode.cpp.h; name = ofxAudioAnalysisClient.h; path = ../../../addons/ofxAudioAnalysisClient/src/ofxAudioAnalysisClient.h; sourceTree = SOURCE_ROOT; };
		"CA634AC4-A9E0-4383-924F-DEC187CCD9EB" /* ofxNetwork.h */ = {isa = PBXFileReference; fileEncoding = 4; lastKnownFileType = sourcecode.cpp.h; name = ofxNetwork.h; path = ../../../addons/ofxNetwork/src/ofxNetwork.h; sourceTree = SOURCE_ROOT; };
		"D3666F45-97F2-4C1E-AFD4-8E6954F45EB9" /* BaseClient.hpp */ = {isa = PBXFileReference; fileEncoding = 4; lastKnownFileType = sourcecode.cpp.h; name = BaseClient.hpp; path = ../../../addons/ofxAudioAnalysisClient/src/BaseClient.hpp; sourceTree = SOURCE_ROOT; };
		"D38A2F8D-7CC8-49CD-8D24-C5844AEF4B59" /* AddTextureShader.h */ = {isa = PBXFileReference; fileEncoding = 4; lastKnownFileType = sourcecode.cpp.h; name = AddTextureShader.h; path = ../../../addons/ofxRenderer/src/shaders/AddTextureShader.h; sourceTree = SOURCE_ROOT; };
		"D4F00879-4E3D-4285-9C00-32FB72CFE142" /* Shader.h */ = {isa = PBXFileReference; fileEncoding = 4; lastKnownFileType = sourcecode.cpp.h; name = Shader.h; path = ../../../addons/ofxRenderer/src/Shader.h; sourceTree = SOURCE_ROOT; };
		"D5C43014-47DA-4457-9071-7940718DAD73" /* AdvectShader.h */ = {isa = PBXFileReference; fileEncoding = 4; lastKnownFileType = sourcecode.cpp.h; name = AdvectShader.h; path = ../../../addons/ofxRenderer/src/fluid/AdvectShader.h; sourceTree = SOURCE_ROOT; };
		"DAD63796-DD05-49BB-BCEB-00B07447F8CA" /* PingPongFbo.h */ = {isa = PBXFileReference; fileEncoding = 4; lastKnownFileType = sourcecode.cpp.h; name = PingPongFbo.h; path = ../../../addons/ofxRenderer/src/PingPongFbo.h; sourceTree = SOURCE_ROOT; };
		"DAEFBAE8-FE2A-45F8-93EC-BE47475F7EF4" /* TimerListener.h */ = {isa = PBXFileReference; fileEncoding = 4; lastKnownFileType = sourcecode.cpp.h; name = TimerListener.h; path = ../../../addons/ofxOsc/libs/oscpack/src/ip/TimerListener.h; sourceTree = SOURCE_ROOT; };
		"DD0F4F3D-90A5-49D1-84D4-715A1F703E50" /* ofxGuiGroup.cpp */ = {isa = PBXFileReference; fileEncoding = 4; lastKnownFileType = sourcecode.cpp.cpp; name = ofxGuiGroup.cpp; path = ../../../addons/ofxGui/src/ofxGuiGroup.cpp; sourceTree = SOURCE_ROOT; };
		"E09AC0F4-6C84-4E56-BD93-3B125C73E620" /* PingPongRenderer.h */ = {isa = PBXFileReference; fileEncoding = 4; lastKnownFileType = sourcecode.cpp.h; name = PingPongRenderer.h; path = ../../../addons/ofxRenderer/src/PingPongRenderer.h; sourceTree = SOURCE_ROOT; };
		E4B69B5B0A3A1756003C02F2 /* bells2Debug.app */ = {isa = PBXFileReference; explicitFileType = wrapper.application; includeInIndex = 0; path = bells2Debug.app; sourceTree = BUILT_PRODUCTS_DIR; };
		E4B69E1D0A3A1BDC003C02F2 /* main.cpp */ = {isa = PBXFileReference; fileEncoding = 4; lastKnownFileType = sourcecode.cpp.cpp; name = main.cpp; path = src/main.cpp; sourceTree = SOURCE_ROOT; };
		E4B69E1E0A3A1BDC003C02F2 /* ofApp.cpp */ = {isa = PBXFileReference; explicitFileType = sourcecode.cpp.cpp; fileEncoding = 4; name = ofApp.cpp; path = src/ofApp.cpp; sourceTree = SOURCE_ROOT; };
		E4B69E1F0A3A1BDC003C02F2 /* ofApp.h */ = {isa = PBXFileReference; fileEncoding = 4; lastKnownFileType = sourcecode.c.h; name = ofApp.h; path = src/ofApp.h; sourceTree = SOURCE_ROOT; };
		E4B6FCAD0C3E899E008CF71C /* openFrameworks-Info.plist */ = {isa = PBXFileReference; fileEncoding = 4; lastKnownFileType = text.plist.xml; path = "openFrameworks-Info.plist"; sourceTree = "<group>"; };
		E4EB6923138AFD0F00A09F29 /* Project.xcconfig */ = {isa = PBXFileReference; fileEncoding = 4; lastKnownFileType = text.xcconfig; path = Project.xcconfig; sourceTree = "<group>"; };
		"E98D66A1-6AE2-4ABD-BF93-8F57631ECFA3" /* ofxIntrospector.cpp */ = {isa = PBXFileReference; fileEncoding = 4; lastKnownFileType = sourcecode.cpp.cpp; name = ofxIntrospector.cpp; path = ../../../addons/ofxIntrospector/src/ofxIntrospector.cpp; sourceTree = SOURCE_ROOT; };
		"E9F72515-B349-4800-B12A-F577342CCE8E" /* OscPrintReceivedElements.cpp */ = {isa = PBXFileReference; fileEncoding = 4; lastKnownFileType = sourcecode.cpp.cpp; name = OscPrintReceivedElements.cpp; path = ../../../addons/ofxOsc/libs/oscpack/src/osc/OscPrintReceivedElements.cpp; sourceTree = SOURCE_ROOT; };
		"EAD1F02E-4025-4AE0-BA0E-0BD55F63C9DA" /* GL_Measurement.h */ = {isa = PBXFileReference; fileEncoding = 4; lastKnownFileType = sourcecode.cpp.h; name = GL_Measurement.h; path = ../../../addons/ofxTimeMeasurements/src/GL_Measurement.h; sourceTree = SOURCE_ROOT; };
		"EE14EF98-953D-4055-B6CC-8A62FC4EE9D9" /* OscReceivedElements.h */ = {isa = PBXFileReference; fileEncoding = 4; lastKnownFileType = sourcecode.cpp.h; name = OscReceivedElements.h; path = ../../../addons/ofxOsc/libs/oscpack/src/osc/OscReceivedElements.h; sourceTree = SOURCE_ROOT; };
		"EF69D4DC-746B-41D2-A86D-ADA9138F8167" /* ofxGui.h */ = {isa = PBXFileReference; fileEncoding = 4; lastKnownFileType = sourcecode.cpp.h; name = ofxGui.h; path = ../../../addons/ofxGui/src/ofxGui.h; sourceTree = SOURCE_ROOT; };
		"F0EE2F7D-3535-4216-88A2-138A2F15EB35" /* OscOutboundPacketStream.h */ = {isa = PBXFileReference; fileEncoding = 4; lastKnownFileType = sourcecode.cpp.h; name = OscOutboundPacketStream.h; path = ../../../addons/ofxOsc/libs/oscpack/src/osc/OscOutboundPacketStream.h; sourceTree = SOURCE_ROOT; };
		"F15898AC-7766-411D-B454-D80A7449A7ED" /* ofxPanel.cpp */ = {isa = PBXFileReference; fileEncoding = 4; lastKnownFileType = sourcecode.cpp.cpp; name = ofxPanel.cpp; path = ../../../addons/ofxGui/src/ofxPanel.cpp; sourceTree = SOURCE_ROOT; };
		"F18877BD-8AE3-4854-A7E5-B1AEB6560A12" /* IpEndpointName.h */ = {isa = PBXFileReference; fileEncoding = 4; lastKnownFileType = sourcecode.cpp.h; name = IpEndpointName.h; path = ../../../addons/ofxOsc/libs/oscpack/src/ip/IpEndpointName.h; sourceTree = SOURCE_ROOT; };
		"F2E190E9-099B-4955-8787-27F1A0FDA9B1" /* ofxColorPicker.cpp */ = {isa = PBXFileReference; fileEncoding = 4; lastKnownFileType = sourcecode.cpp.cpp; name = ofxColorPicker.cpp; path = ../../../addons/ofxGui/src/ofxColorPicker.cpp; sourceTree = SOURCE_ROOT; };
		"F2EE77AB-75D9-47AC-B160-67CA99BFADAA" /* ApplyVorticityForceShader.h */ = {isa = PBXFileReference; fileEncoding = 4; lastKnownFileType = sourcecode.cpp.h; name = ApplyVorticityForceShader.h; path = ../../../addons/ofxRenderer/src/fluid/ApplyVorticityForceShader.h; sourceTree = SOURCE_ROOT; };
		"F462B3E8-0323-4D42-BB8C-C3887937B674" /* Renderer.h */ = {isa = PBXFileReference; fileEncoding = 4; lastKnownFileType = sourcecode.cpp.h; name = Renderer.h; path = ../../../addons/ofxRenderer/src/Renderer.h; sourceTree = SOURCE_ROOT; };
		"F606C875-9A2A-401C-92CA-FE6F3C2E8987" /* ofxGuiGroup.h */ = {isa = PBXFileReference; fileEncoding = 4; lastKnownFileType = sourcecode.cpp.h; name = ofxGuiGroup.h; path = ../../../addons/ofxGui/src/ofxGuiGroup.h; sourceTree = SOURCE_ROOT; };
		"F89E26A6-5C4E-41DD-8E5C-FB7B9A352D13" /* ofxIntrospector.h */ = {isa = PBXFileReference; fileEncoding = 4; lastKnownFileType = sourcecode.cpp.h; name = ofxIntrospector.h; path = ../../../addons/ofxIntrospector/src/ofxIntrospector.h; sourceTree = SOURCE_ROOT; };
		"F9A7E3F2-DBE8-4D13-AAB7-22A2F72821FA" /* AddImpulseSpotShader.h */ = {isa = PBXFileReference; fileEncoding = 4; lastKnownFileType = sourcecode.cpp.h; name = AddImpulseSpotShader.h; path = ../../../addons/ofxRenderer/src/fluid/AddImpulseSpotShader.h; sourceTree = SOURCE_ROOT; };
		"FA5E6893-B9B5-4E1E-964B-C4B5600F4169" /* OpticalFlowShader.h */ = {isa = PBXFileReference; fileEncoding = 4; lastKnownFileType = sourcecode.cpp.h; name = OpticalFlowShader.h; path = ../../../addons/ofxRenderer/src/shaders/OpticalFlowShader.h; sourceTree = SOURCE_ROOT; };
		"FBDDE994-A219-4E3C-913D-CAFF79D861A5" /* ofxToggle.h */ = {isa = PBXFileReference; fileEncoding = 4; lastKnownFileType = sourcecode.cpp.h; name = ofxToggle.h; path = ../../../addons/ofxGui/src/ofxToggle.h; sourceTree = SOURCE_ROOT; };
		"FE4E71F7-D935-4672-93AC-2A71A8217ADE" /* FileClient.hpp */ = {isa = PBXFileReference; fileEncoding = 4; lastKnownFileType = sourcecode.cpp.h; name = FileClient.hpp; path = ../../../addons/ofxAudioAnalysisClient/src/FileClient.hpp; sourceTree = SOURCE_ROOT; };
/* End PBXFileReference section */

/* Begin PBXFrameworksBuildPhase section */
		E4B69B590A3A1756003C02F2 /* Frameworks */ = {
			isa = PBXFrameworksBuildPhase;
			buildActionMask = 2147483647;
			files = (
			);
			runOnlyForDeploymentPostprocessing = 0;
		};
/* End PBXFrameworksBuildPhase section */

/* Begin PBXGroup section */
		"008CFF36-1794-437F-9E1A-1F5898DDA84A" /* ofxPlottable */ = {
			isa = PBXGroup;
			children = (
				"94209C3D-CE07-485C-9C37-310CFC834F75" /* src */,
			);
			name = ofxPlottable;
			sourceTree = SOURCE_ROOT;
		};
		"06B6ECF2-B12E-438A-BC03-B7923A34233C" /* posix */ = {
			isa = PBXGroup;
			children = (
				"5625BB1F-B27F-4054-8B29-18497111BBEA" /* NetworkingUtils.cpp */,
				"10ADFA39-D2AD-4071-890C-22359BD26F23" /* UdpSocket.cpp */,
			);
			name = posix;
			sourceTree = SOURCE_ROOT;
		};
		"0E78C7DB-75AB-4093-973B-97A18167D956" /* src */ = {
			isa = PBXGroup;
			children = (
				"61493C3E-2F91-4946-8DAE-0C7B10E5825F" /* Plots.cpp */,
				"2A0A6FFC-070A-436C-9AD5-4E66C4BA4C95" /* Plots.hpp */,
				"76ADC0C3-8F7D-40C5-A387-3236BCDC1537" /* Processor.cpp */,
				"9F50525F-6F97-4C3C-B18C-0E315F2F4EB1" /* Processor.hpp */,
				"142AD4EE-B1B2-46FB-BE6A-276EBD67410A" /* SpectrumPlots.cpp */,
				"B8BBA5E0-3EB4-466F-8361-25917842C349" /* SpectrumPlots.hpp */,
				"985EA3E0-7EA7-4ABD-B4FC-B0BD85DCDE14" /* ofxAudioData.h */,
			);
			name = src;
			sourceTree = SOURCE_ROOT;
		};
		"0F550701-BBF1-4F92-8EF5-24B37B738DE2" /* src */ = {
			isa = PBXGroup;
			children = (
				"DAD63796-DD05-49BB-BCEB-00B07447F8CA" /* PingPongFbo.h */,
				"E09AC0F4-6C84-4E56-BD93-3B125C73E620" /* PingPongRenderer.h */,
				"F462B3E8-0323-4D42-BB8C-C3887937B674" /* Renderer.h */,
				"D4F00879-4E3D-4285-9C00-32FB72CFE142" /* Shader.h */,
				"66D066EC-EDB3-4C52-875D-B8798CC4CD73" /* fluid */,
				"7F8B973C-3515-4943-A0D0-AAE1BE5B8FCE" /* shaders */,
			);
			name = src;
			sourceTree = SOURCE_ROOT;
		};
		"13D2709C-D1E3-4BD9-AA40-0C50BB4E48EE" /* ofxNetwork */ = {
			isa = PBXGroup;
			children = (
				"8D66027E-B8A0-459B-987B-956FB6D8EC0C" /* src */,
			);
			name = ofxNetwork;
			sourceTree = SOURCE_ROOT;
		};
		"2C412F3F-1B6A-4B38-A215-5F14ADB705AB" /* src */ = {
			isa = PBXGroup;
			children = (
				"E98D66A1-6AE2-4ABD-BF93-8F57631ECFA3" /* ofxIntrospector.cpp */,
				"F89E26A6-5C4E-41DD-8E5C-FB7B9A352D13" /* ofxIntrospector.h */,
			);
			name = src;
			sourceTree = SOURCE_ROOT;
		};
		"30AB3E40-5D2D-4A97-8EB7-C1B9EACF477F" /* src */ = {
			isa = PBXGroup;
			children = (
				"652FB140-014E-4050-87EE-C7B9715B4274" /* ofxSelfOrganizingMap.cpp */,
				"1165F487-30CC-44A3-BB96-8AC7D97B50AE" /* ofxSelfOrganizingMap.h */,
			);
			name = src;
			sourceTree = SOURCE_ROOT;
		};
		"31BE7177-6467-4EB6-88EE-35756560E046" /* oscpack */ = {
			isa = PBXGroup;
			children = (
				"F4B406CD-DD0B-406E-967F-60FE1D5A000E" /* src */,
			);
			name = oscpack;
			sourceTree = SOURCE_ROOT;
		};
		"46C04473-A2B2-47DE-9D8B-D6CC32506F06" /* ofxIntrospector */ = {
			isa = PBXGroup;
			children = (
				"2C412F3F-1B6A-4B38-A215-5F14ADB705AB" /* src */,
			);
			name = ofxIntrospector;
			sourceTree = SOURCE_ROOT;
		};
		"4CA0392A-A028-4847-81A2-AEB2614D9506" /* ofxDividedArea */ = {
			isa = PBXGroup;
			children = (
				"F727A0A2-F164-41DF-8C35-51FF68E801B6" /* src */,
			);
			name = ofxDividedArea;
			sourceTree = SOURCE_ROOT;
		};
		"545C22E1-835B-4CBE-B28D-57ED7E7BF1C5" /* ofxRenderer */ = {
			isa = PBXGroup;
			children = (
				"0F550701-BBF1-4F92-8EF5-24B37B738DE2" /* src */,
			);
			name = ofxRenderer;
			sourceTree = SOURCE_ROOT;
		};
		"5BE2C48F-43E7-42E8-9B7C-4BE238BDA76C" /* ofxAudioAnalysisClient */ = {
			isa = PBXGroup;
			children = (
				"E0FE41F3-4C88-4E32-8E79-2AA0B165BE81" /* src */,
			);
			name = ofxAudioAnalysisClient;
			sourceTree = SOURCE_ROOT;
		};
		"5F7C7661-67A8-4435-ABDC-D0D8158BB8A7" /* ofxAudioData */ = {
			isa = PBXGroup;
			children = (
				"0E78C7DB-75AB-4093-973B-97A18167D956" /* src */,
			);
			name = ofxAudioData;
			sourceTree = SOURCE_ROOT;
		};
		"6532BC9E-EC6B-45A9-AB3B-ABF4FB85CDCA" /* ofxTimeMeasurements */ = {
			isa = PBXGroup;
			children = (
				"D4976C8A-CE99-4CD5-8B52-2881D9086C97" /* src */,
			);
			name = ofxTimeMeasurements;
			sourceTree = SOURCE_ROOT;
		};
		"66D066EC-EDB3-4C52-875D-B8798CC4CD73" /* fluid */ = {
			isa = PBXGroup;
			children = (
				"F9A7E3F2-DBE8-4D13-AAB7-22A2F72821FA" /* AddImpulseSpotShader.h */,
				"0246DD40-014C-43E2-B61A-42136F1D7A60" /* AddRadialImpulseShader.h */,
				"D5C43014-47DA-4457-9071-7940718DAD73" /* AdvectShader.h */,
				"169085A7-6D3C-4924-A71F-1E1C37FB08EE" /* ApplyBouyancyShader.h */,
				"F2EE77AB-75D9-47AC-B160-67CA99BFADAA" /* ApplyVorticityForceShader.h */,
				"74B1E327-3588-4955-A0B2-8A52DD332C26" /* DivergenceRenderer.h */,
				"B13D7E4A-4F84-464E-AD81-144538C886BA" /* FluidSimulation.h */,
				"00439631-4A09-455E-8958-01BBCA4C072A" /* JacobiShader.h */,
				"AAA99467-5D41-4069-AAF8-C28EAE594F7A" /* SubtractDivergenceShader.h */,
				"8A25C8DB-D301-4C55-806A-09346A88CA50" /* VorticityRenderer.h */,
			);
			name = fluid;
			sourceTree = SOURCE_ROOT;
		};
		"6811AE2A-7C23-41F1-A690-636B988CF924" /* ofxHistoryPlot */ = {
			isa = PBXGroup;
			children = (
				"C82E022E-E3A9-4C99-B26A-D2CD203E808B" /* src */,
			);
			name = ofxHistoryPlot;
			sourceTree = SOURCE_ROOT;
		};
		"68463AEF-A523-4099-9D01-301EBC9BB2E5" /* src */ = {
			isa = PBXGroup;
			children = (
				"3D3EF439-C643-4F7E-9091-C4F2589B730A" /* ofxBaseGui.cpp */,
				"AD61E897-FD88-41BD-A8B0-8B23FC4C8279" /* ofxBaseGui.h */,
				"0C174F9C-A0FC-4531-833F-B5E8BB14DFCD" /* ofxButton.cpp */,
				"2AD37250-938B-4F81-8896-BB5D5D7F4513" /* ofxButton.h */,
				"F2E190E9-099B-4955-8787-27F1A0FDA9B1" /* ofxColorPicker.cpp */,
				"82144229-EE23-4ABA-9660-3E9027E1E76C" /* ofxColorPicker.h */,
				"EF69D4DC-746B-41D2-A86D-ADA9138F8167" /* ofxGui.h */,
				"DD0F4F3D-90A5-49D1-84D4-715A1F703E50" /* ofxGuiGroup.cpp */,
				"F606C875-9A2A-401C-92CA-FE6F3C2E8987" /* ofxGuiGroup.h */,
				"98C1AA24-2341-45D4-90D8-C46C09873F6A" /* ofxGuiUtils.h */,
				"8D7B1B2A-C45B-49ED-A404-F8FCA7CFD5F4" /* ofxInputField.cpp */,
				"A7B7B1C6-3872-4672-A03A-ECA396E0DC3F" /* ofxInputField.h */,
				"0C14F8C8-B6BC-4DAB-B86D-F308478E7535" /* ofxLabel.cpp */,
				"05502626-3043-4703-9666-511B43721BC5" /* ofxLabel.h */,
				"F15898AC-7766-411D-B454-D80A7449A7ED" /* ofxPanel.cpp */,
				"7BD231E7-EF34-4272-B424-64B23647AF9C" /* ofxPanel.h */,
				"69388BE4-919C-4CF9-96BC-68D239F3B723" /* ofxSlider.cpp */,
				"5A5B2CAA-4598-4800-B2F3-9FBB7BE47458" /* ofxSlider.h */,
				"6450F1E8-EEF3-4735-BB16-E33BEE3896BB" /* ofxSliderGroup.cpp */,
				"5D666E40-22F9-45DF-A62C-A2B012F592BF" /* ofxSliderGroup.h */,
				"94BD3B33-5A49-4107-ADE2-57ED9E6F6F72" /* ofxToggle.cpp */,
				"FBDDE994-A219-4E3C-913D-CAFF79D861A5" /* ofxToggle.h */,
			);
			name = src;
			sourceTree = SOURCE_ROOT;
		};
		"7F8B973C-3515-4943-A0D0-AAE1BE5B8FCE" /* shaders */ = {
			isa = PBXGroup;
			children = (
				"D38A2F8D-7CC8-49CD-8D24-C5844AEF4B59" /* AddTextureShader.h */,
				"2CD177D1-FEDB-4D41-B132-436851E8E8AD" /* FadeShader.h */,
				"0F797553-11F3-4BFD-B3E8-FDF7A0A9E5EE" /* GaussianXBlurShader.h */,
				"7BB9DA21-2072-4379-A65D-8529B9F54409" /* GaussianYBlurShader.h */,
				"4824DFC4-102A-4056-96E9-5DD1C872CF9D" /* MaskShader.h */,
				"0E07166E-205F-4B3B-BEBA-D72C50D12F9F" /* MultiplyColorShader.h */,
				"FA5E6893-B9B5-4E1E-964B-C4B5600F4169" /* OpticalFlowShader.h */,
			);
			name = shaders;
			sourceTree = SOURCE_ROOT;
		};
		"8D66027E-B8A0-459B-987B-956FB6D8EC0C" /* src */ = {
			isa = PBXGroup;
			children = (
				"CA634AC4-A9E0-4383-924F-DEC187CCD9EB" /* ofxNetwork.h */,
				"8EE2036A-318C-4090-949C-89CE54BB3EAE" /* ofxNetworkUtils.cpp */,
				"05949B80-205F-4A1E-B433-D2691B072C70" /* ofxNetworkUtils.h */,
				"9573B29B-2163-401E-9956-03F681A03CE5" /* ofxTCPClient.cpp */,
				"3E48DB17-3CD0-485B-8CFF-EBC631ABA8AA" /* ofxTCPClient.h */,
				"C8536F7F-CA83-4300-B513-92C16678B073" /* ofxTCPManager.cpp */,
				"3C2CE4B0-2C2A-4D32-9BF9-8B236C2B9358" /* ofxTCPManager.h */,
				"2B501805-AF3F-4D9E-A6CF-23148612909E" /* ofxTCPServer.cpp */,
				"8D4B435E-CD38-46AD-BC30-901677FB4091" /* ofxTCPServer.h */,
				"3237AC82-52DB-418E-A8FC-95BBEB7D6EFD" /* ofxTCPSettings.h */,
				"009B6BDD-01F9-4E34-B4FA-FF7FA6527687" /* ofxUDPManager.cpp */,
				"A9487CA1-C20A-4D91-801B-DF312A018643" /* ofxUDPManager.h */,
				"549E3176-BBA1-4959-8902-F5DBA3EE8F50" /* ofxUDPSettings.h */,
			);
			name = src;
			sourceTree = SOURCE_ROOT;
		};
		"94209C3D-CE07-485C-9C37-310CFC834F75" /* src */ = {
			isa = PBXGroup;
			children = (
				"98F0E85E-17BA-4306-8C69-FD2C09E28410" /* ofxPlottable.cpp */,
				"7868FE0B-8B03-4317-9429-F32AFA1F4D2E" /* ofxPlottable.h */,
			);
			name = src;
			sourceTree = SOURCE_ROOT;
		};
		BB4B014C10F69532006C3DED /* addons */ = {
			isa = PBXGroup;
			children = (
				"13D2709C-D1E3-4BD9-AA40-0C50BB4E48EE" /* ofxNetwork */,
				"C12F8A51-EDCB-44D6-96E5-746A89C15108" /* ofxOsc */,
				"6811AE2A-7C23-41F1-A690-636B988CF924" /* ofxHistoryPlot */,
				"5BE2C48F-43E7-42E8-9B7C-4BE238BDA76C" /* ofxAudioAnalysisClient */,
				"5F7C7661-67A8-4435-ABDC-D0D8158BB8A7" /* ofxAudioData */,
				"4CA0392A-A028-4847-81A2-AEB2614D9506" /* ofxDividedArea */,
				"DF3A397E-24D5-401F-9B06-D5AD2D767A00" /* ofxGui */,
				"46C04473-A2B2-47DE-9D8B-D6CC32506F06" /* ofxIntrospector */,
				"008CFF36-1794-437F-9E1A-1F5898DDA84A" /* ofxPlottable */,
				"545C22E1-835B-4CBE-B28D-57ED7E7BF1C5" /* ofxRenderer */,
				"D7B5C8C1-D4C9-431B-9D50-77DF1AF95F91" /* ofxSelfOrganizingMap */,
				"6532BC9E-EC6B-45A9-AB3B-ABF4FB85CDCA" /* ofxTimeMeasurements */,
			);
			name = addons;
			path = ../../../addons;
			sourceTree = SOURCE_ROOT;
		};
		"C12F8A51-EDCB-44D6-96E5-746A89C15108" /* ofxOsc */ = {
			isa = PBXGroup;
			children = (
				"EC8650EA-8BBF-4647-A648-CAA82C4CA91F" /* libs */,
				"C87BB72E-4219-482E-98BB-1CE72D857CFC" /* src */,
			);
			name = ofxOsc;
			sourceTree = SOURCE_ROOT;
		};
		"C2DFEEF0-42E8-4138-AC55-69AA3FD5C2ED" /* osc */ = {
			isa = PBXGroup;
			children = (
				"7BF85621-69EE-4F1D-A2F5-B849A3474EE9" /* MessageMappingOscPacketListener.h */,
				"02CA2BE8-9575-48AB-A9E7-7A8D016522B2" /* OscException.h */,
				"14CC08D3-A464-4A67-AABF-1695BAE013D5" /* OscHostEndianness.h */,
				"B48C427A-F4E2-4263-B165-66A9822AFE0D" /* OscOutboundPacketStream.cpp */,
				"F0EE2F7D-3535-4216-88A2-138A2F15EB35" /* OscOutboundPacketStream.h */,
				"57DB3958-4B87-46BE-8F40-1A7D29F45364" /* OscPacketListener.h */,
				"E9F72515-B349-4800-B12A-F577342CCE8E" /* OscPrintReceivedElements.cpp */,
				"42D206F5-A115-43EC-B377-10AB7678E45D" /* OscPrintReceivedElements.h */,
				"5100FD32-CE35-4BA1-9E30-6BC947A06E46" /* OscReceivedElements.cpp */,
				"EE14EF98-953D-4055-B6CC-8A62FC4EE9D9" /* OscReceivedElements.h */,
				"794BC460-88A4-4764-9139-6F63A4C049F8" /* OscTypes.cpp */,
				"6D5770E2-A22E-40AB-A9CD-D862F9062585" /* OscTypes.h */,
			);
			name = osc;
			sourceTree = SOURCE_ROOT;
		};
		"C82E022E-E3A9-4C99-B26A-D2CD203E808B" /* src */ = {
			isa = PBXGroup;
			children = (
				"AB0821C5-1126-4908-8264-2CC899AEECB6" /* ofxHistoryPlot.cpp */,
				"5D35EC9B-992A-428F-BCAE-9EEB89B3DFA9" /* ofxHistoryPlot.h */,
			);
			name = src;
			sourceTree = SOURCE_ROOT;
		};
		"C87BB72E-4219-482E-98BB-1CE72D857CFC" /* src */ = {
			isa = PBXGroup;
			children = (
				"BC649547-D122-4799-8DCB-3A1B571C060F" /* ofxOsc.h */,
				"C1A26AFB-3148-4993-9D19-FFA4C2577D90" /* ofxOscArg.h */,
				"17F868AE-2814-48D0-BAEF-0504B34413E0" /* ofxOscBundle.cpp */,
				"04C7642F-E0D5-4233-B2B0-50C05E127851" /* ofxOscBundle.h */,
				"29C2963A-EF73-4056-B82C-EADFF279E433" /* ofxOscMessage.cpp */,
				"45658A17-E73D-4F2E-AA3D-E4F3BB72D2E0" /* ofxOscMessage.h */,
				"A74A3480-3CBA-4267-B9B4-0F1FC14E77A2" /* ofxOscParameterSync.cpp */,
				"53E2150F-1414-436F-B2F8-AC8A208C4500" /* ofxOscParameterSync.h */,
				"237886BE-C54B-40FE-B42B-0934F05ABB36" /* ofxOscReceiver.cpp */,
				"22A4DF97-CD31-4C31-83F4-1DFC4FFB6127" /* ofxOscReceiver.h */,
				"2956F2C0-CD93-4832-A438-E64DAD3C6D92" /* ofxOscSender.cpp */,
				"346A7063-E46F-4840-909E-EAD75595E87A" /* ofxOscSender.h */,
			);
			name = src;
			sourceTree = SOURCE_ROOT;
		};
		"D4976C8A-CE99-4CD5-8B52-2881D9086C97" /* src */ = {
			isa = PBXGroup;
			children = (
				"EAD1F02E-4025-4AE0-BA0E-0BD55F63C9DA" /* GL_Measurement.h */,
				"6A0A87E2-33A6-4C50-AB6A-16B34BCEFA2A" /* MinimalTree.cpp */,
				"87494248-4028-4B3B-BEE3-71F46517C5C2" /* MinimalTree.h */,
				"07F77E9D-0A5B-46DC-A42D-21BC39D308AC" /* ofxTimeMeasurements.cpp */,
				"2B60AA4A-50C3-40C5-9396-3BA7ED1AACDA" /* ofxTimeMeasurements.h */,
				"905DC530-11EF-4437-BC68-DEF573E2006B" /* ofxTimeMeasurementsMacros.h */,
				"1D58766D-3D6B-4303-9840-F3FFFE705A8F" /* ofxTimeMeasurementsScoped.cpp */,
				"9CD89C6D-106C-4459-A813-2AF979D30CE2" /* ofxTimeMeasurementsScoped.h */,
			);
			name = src;
			sourceTree = SOURCE_ROOT;
		};
		"D7B5C8C1-D4C9-431B-9D50-77DF1AF95F91" /* ofxSelfOrganizingMap */ = {
			isa = PBXGroup;
			children = (
				"30AB3E40-5D2D-4A97-8EB7-C1B9EACF477F" /* src */,
			);
			name = ofxSelfOrganizingMap;
			sourceTree = SOURCE_ROOT;
		};
		"DDB15066-9707-4C55-9298-87F6B3293E0F" /* ip */ = {
			isa = PBXGroup;
			children = (
				"B2BE126E-C189-4577-9A7B-DB56D26BAD84" /* IpEndpointName.cpp */,
				"F18877BD-8AE3-4854-A7E5-B1AEB6560A12" /* IpEndpointName.h */,
				"BCD72502-5603-4C6F-8961-1307C856723D" /* NetworkingUtils.h */,
				"B7928916-B81A-4ECE-B9E4-FE7FCA852A19" /* PacketListener.h */,
				"DAEFBAE8-FE2A-45F8-93EC-BE47475F7EF4" /* TimerListener.h */,
				"0FD4ECD7-2BD0-47C4-BB24-77801CCF273B" /* UdpSocket.h */,
				"06B6ECF2-B12E-438A-BC03-B7923A34233C" /* posix */,
			);
			name = ip;
			sourceTree = SOURCE_ROOT;
		};
		"DF3A397E-24D5-401F-9B06-D5AD2D767A00" /* ofxGui */ = {
			isa = PBXGroup;
			children = (
				"68463AEF-A523-4099-9D01-301EBC9BB2E5" /* src */,
			);
			name = ofxGui;
			sourceTree = SOURCE_ROOT;
		};
		"E0FE41F3-4C88-4E32-8E79-2AA0B165BE81" /* src */ = {
			isa = PBXGroup;
			children = (
				"8F210A9D-3470-48A6-A5E5-06DE14C743F1" /* BaseClient.cpp */,
				"D3666F45-97F2-4C1E-AFD4-8E6954F45EB9" /* BaseClient.hpp */,
				"2FCD370E-1BEF-4B71-A30A-A3219EDA0FF0" /* FileClient.cpp */,
				"FE4E71F7-D935-4672-93AC-2A71A8217ADE" /* FileClient.hpp */,
				"3B836294-651E-4AC4-AA19-D4324D71368C" /* LiveClient.cpp */,
				"823A2D5F-A578-416F-88EF-2823F5B4EDDB" /* LiveClient.hpp */,
				"C8B90623-E2EE-4C3E-B53A-E479882A0C33" /* ofxAudioAnalysisClient.h */,
			);
			name = src;
			sourceTree = SOURCE_ROOT;
		};
		E4B69B4A0A3A1720003C02F2 = {
			isa = PBXGroup;
			children = (
				191CD6FA2847E21E0085CBB6 /* of.entitlements */,
				E4B6FCAD0C3E899E008CF71C /* openFrameworks-Info.plist */,
				E4EB6923138AFD0F00A09F29 /* Project.xcconfig */,
				E4B69E1C0A3A1BDC003C02F2 /* src */,
				191EF70929D778A400F35F26 /* openFrameworks */,
				BB4B014C10F69532006C3DED /* addons */,
				E4B69B5B0A3A1756003C02F2 /* bells2Debug.app */,
				"244B4FEF-1AB0-47BB-9DFA-42FF97DF8BF6" /* bin/data */,
			);
			sourceTree = "<group>";
		};
		E4B69E1C0A3A1BDC003C02F2 /* src */ = {
			isa = PBXGroup;
			children = (
				E4B69E1D0A3A1BDC003C02F2 /* main.cpp */,
				E4B69E1E0A3A1BDC003C02F2 /* ofApp.cpp */,
				E4B69E1F0A3A1BDC003C02F2 /* ofApp.h */,
				"37BB6369-8830-4FB2-A5D3-8FEF82AE1965" /* Constants.h */,
				"30167A92-5122-4DBC-BE93-C928CFDA8C03" /* dkm.hpp */,
			);
			path = src;
			sourceTree = SOURCE_ROOT;
		};
		"EC8650EA-8BBF-4647-A648-CAA82C4CA91F" /* libs */ = {
			isa = PBXGroup;
			children = (
				"31BE7177-6467-4EB6-88EE-35756560E046" /* oscpack */,
			);
			name = libs;
			sourceTree = SOURCE_ROOT;
		};
		"F4B406CD-DD0B-406E-967F-60FE1D5A000E" /* src */ = {
			isa = PBXGroup;
			children = (
				"DDB15066-9707-4C55-9298-87F6B3293E0F" /* ip */,
				"C2DFEEF0-42E8-4138-AC55-69AA3FD5C2ED" /* osc */,
			);
			name = src;
			sourceTree = SOURCE_ROOT;
		};
		"F727A0A2-F164-41DF-8C35-51FF68E801B6" /* src */ = {
			isa = PBXGroup;
			children = (
				"22B0B84B-CE25-4C73-8D55-0122B32BCD07" /* ofxDividedArea.cpp */,
				"31F9EAE8-9F63-4719-8DA7-E1A30044F749" /* ofxDividedArea.h */,
			);
			name = src;
			sourceTree = SOURCE_ROOT;
		};
/* End PBXGroup section */

/* Begin PBXNativeTarget section */
		E4B69B5A0A3A1756003C02F2 /* bells2 */ = {
			isa = PBXNativeTarget;
			buildConfigurationList = E4B69B5F0A3A1757003C02F2 /* Build configuration list for PBXNativeTarget "bells2" */;
			buildPhases = (
				E42962A92163ECCD00A6A9E2 /* Run Script — Compile OF */,
				E4B69B580A3A1756003C02F2 /* Sources */,
				E4B69B590A3A1756003C02F2 /* Frameworks */,
				E4C2427710CC5ABF004149E2 /* CopyFiles */,
				E4A5B60F29BAAAE400C2D356 /* CopyFiles */,
				19B789C429E5AB4A0082E9B8 /* ShellScript */,
			);
			buildRules = (
			);
			dependencies = (
			);
			name = bells2;
			productName = myOFApp;
			productReference = E4B69B5B0A3A1756003C02F2 /* bells2Debug.app */;
			productType = "com.apple.product-type.application";
		};
/* End PBXNativeTarget section */

/* Begin PBXProject section */
		E4B69B4C0A3A1720003C02F2 /* Project object */ = {
			isa = PBXProject;
			attributes = {
				BuildIndependentTargetsInParallel = YES;
				LastUpgradeCheck = 1540;
			};
			buildConfigurationList = E4B69B4D0A3A1720003C02F2 /* Build configuration list for PBXProject "bells2" */;
			compatibilityVersion = "Xcode 3.2";
			developmentRegion = en;
			hasScannedForEncodings = 0;
			knownRegions = (
				en,
				Base,
			);
			mainGroup = E4B69B4A0A3A1720003C02F2;
			productRefGroup = E4B69B4A0A3A1720003C02F2;
			projectDirPath = "";
			projectRoot = "";
			targets = (
				E4B69B5A0A3A1756003C02F2 /* bells2 */,
			);
		};
/* End PBXProject section */

/* Begin PBXShellScriptBuildPhase section */
		19B789C429E5AB4A0082E9B8 /* ShellScript */ = {
			isa = PBXShellScriptBuildPhase;
			alwaysOutOfDate = 1;
			buildActionMask = 2147483647;
			files = (
			);
			inputFileListPaths = (
			);
			inputPaths = (
			);
			outputFileListPaths = (
			);
			outputPaths = (
			);
			runOnlyForDeploymentPostprocessing = 0;
			shellPath = /bin/sh;
			shellScript = "\"$OF_PATH/scripts/osx/xcode_project.sh\"\n";
			showEnvVarsInLog = 0;
		};
		E42962A92163ECCD00A6A9E2 /* Run Script — Compile OF */ = {
			isa = PBXShellScriptBuildPhase;
			alwaysOutOfDate = 1;
			buildActionMask = 2147483647;
			files = (
			);
			inputPaths = (
			);
			name = "Run Script — Compile OF";
			outputPaths = (
			);
			runOnlyForDeploymentPostprocessing = 0;
			shellPath = /bin/sh;
			shellScript = "echo \"💾 Compiling Openframeworks\"\nxcodebuild -project \"$OF_PATH/libs/openFrameworksCompiled/project/osx/openFrameworksLib.xcodeproj\" -target openFrameworks -configuration \"${CONFIGURATION}\"  CLANG_CXX_LANGUAGE_STANDARD=$CLANG_CXX_LANGUAGE_STANDARD MACOSX_DEPLOYMENT_TARGET=$MACOSX_DEPLOYMENT_TARGET GCC_PREPROCESSOR_DEFINITIONS='$USER_PREPROCESSOR_DEFINITIONS'\n";
			showEnvVarsInLog = 0;
		};
/* End PBXShellScriptBuildPhase section */

/* Begin PBXSourcesBuildPhase section */
		E4B69B580A3A1756003C02F2 /* Sources */ = {
			isa = PBXSourcesBuildPhase;
			buildActionMask = 2147483647;
			files = (
				E4B69E200A3A1BDC003C02F2 /* main.cpp in Sources */,
				E4B69E210A3A1BDC003C02F2 /* ofApp.cpp in Sources */,
				"902A5B46-BBEE-4F0D-BC49-767D0ADDD213" /* ofxNetworkUtils.cpp in Sources */,
				"A0A3A7F8-4F35-4E35-8EDA-F61A4701B506" /* ofxTCPClient.cpp in Sources */,
				"81AA0DF3-5746-4755-9885-3E94FB8FA4F4" /* ofxTCPManager.cpp in Sources */,
				"6A01C51C-EFA0-4314-8779-31C7F837DAA4" /* ofxTCPServer.cpp in Sources */,
				"F1D64360-90FD-4B17-AA6B-CA76D45C1D7E" /* ofxUDPManager.cpp in Sources */,
				"116A3492-6D78-4731-834D-1949BC33CE07" /* IpEndpointName.cpp in Sources */,
				"78B1817A-FC3D-4E7F-A08A-F22DA7ED8FF9" /* NetworkingUtils.cpp in Sources */,
				"CDA9B327-44CE-4C25-9FCD-E5C7BFBAD12F" /* UdpSocket.cpp in Sources */,
				"292E4C44-58AF-488D-B037-CC3F29581807" /* OscOutboundPacketStream.cpp in Sources */,
				"5F1BDB86-7122-4BA3-B695-E85DE2867F6C" /* OscPrintReceivedElements.cpp in Sources */,
				"33316B5E-78A3-4C95-A689-CD5366AE6B99" /* OscReceivedElements.cpp in Sources */,
				"D932B958-6585-48B2-BDDC-800AFD3B6240" /* OscTypes.cpp in Sources */,
				"05193094-9F40-4C44-81E3-00E6CB5D77AE" /* ofxOscBundle.cpp in Sources */,
				"455BA1D7-2F93-469E-B3E9-E5EACF1FD09C" /* ofxOscMessage.cpp in Sources */,
				"7B3FAC76-245A-4C35-9445-A3548D3E3BB0" /* ofxOscParameterSync.cpp in Sources */,
				"40FBDCFC-2778-44F3-8A2B-FFED21EC475A" /* ofxOscReceiver.cpp in Sources */,
				"9F0260AE-C38F-4569-92FC-7D05679E280C" /* ofxOscSender.cpp in Sources */,
				"5D2903BF-A898-4138-9256-0FD850A8EB0E" /* ofxHistoryPlot.cpp in Sources */,
				"81716F7E-029B-499C-BF49-7F3C2DCB80AD" /* BaseClient.cpp in Sources */,
				"C9E7A341-4970-4025-A5C7-33CA46EF55F0" /* FileClient.cpp in Sources */,
				"B584BD9A-F7DD-4749-BF22-8978B6B1F5FE" /* LiveClient.cpp in Sources */,
				"8987A01B-AE92-4DB1-9142-58237B522040" /* Plots.cpp in Sources */,
				"D07BC3B9-080F-4BFB-A2EE-D909B6A5EC54" /* Processor.cpp in Sources */,
				"F009CA97-3D34-4655-B7EC-EC135304EB36" /* SpectrumPlots.cpp in Sources */,
				"48CC6303-1F84-4A69-A463-E0BC3B9C3325" /* ofxDividedArea.cpp in Sources */,
				"CDC368AF-8DEE-4D32-8D2E-E99465BDB14B" /* ofxBaseGui.cpp in Sources */,
				"3D5D83A7-0425-453F-9E8A-B20FF4CC0D6E" /* ofxButton.cpp in Sources */,
				"04CBCCD0-9B91-4758-9030-7A33DC1A9C80" /* ofxColorPicker.cpp in Sources */,
				"8BC8FA61-ED33-404A-9076-34D06C435750" /* ofxGuiGroup.cpp in Sources */,
				"04084143-ECB7-49B2-AB5F-F6942D100E36" /* ofxInputField.cpp in Sources */,
				"A1A55BDF-0379-4093-913A-F8794D3FE10A" /* ofxLabel.cpp in Sources */,
				"DF33FA3D-58DC-45F4-BC64-CF28ABA3E787" /* ofxPanel.cpp in Sources */,
				"825D81EC-2340-4F32-B690-EA30A52FC64C" /* ofxSlider.cpp in Sources */,
				"F3517B5A-C96E-4339-A2CB-35B68F88EC8A" /* ofxSliderGroup.cpp in Sources */,
				"69105357-6144-4E8B-9CCA-D119148206A8" /* ofxToggle.cpp in Sources */,
				"96AE6AA2-C8EB-439C-9B3C-18699D37BE68" /* ofxIntrospector.cpp in Sources */,
				"30B92900-4029-4480-A6A6-1340F44B5F62" /* ofxPlottable.cpp in Sources */,
				"B960CA07-27A3-4105-B6C3-08FBFBFDAADD" /* ofxSelfOrganizingMap.cpp in Sources */,
				"E33A5836-0074-4C12-8242-2EDEE5AA3DB4" /* MinimalTree.cpp in Sources */,
				"ABD31608-2865-48F3-B3AE-202347CA125F" /* ofxTimeMeasurements.cpp in Sources */,
				"36A3CF9E-05E6-4C9C-AD82-5A67F0B83931" /* ofxTimeMeasurementsScoped.cpp in Sources */,
			);
			runOnlyForDeploymentPostprocessing = 0;
		};
/* End PBXSourcesBuildPhase section */

/* Begin XCBuildConfiguration section */
		E4B69B4E0A3A1720003C02F2 /* Debug */ = {
			isa = XCBuildConfiguration;
			baseConfigurationReference = E4EB6923138AFD0F00A09F29 /* Project.xcconfig */;
			buildSettings = {
				CODE_SIGN_ENTITLEMENTS = of.entitlements;
				COPY_PHASE_STRIP = NO;
				ENABLE_TESTABILITY = YES;
				GCC_OPTIMIZATION_LEVEL = 0;
				GCC_WARN_UNUSED_VARIABLE = NO;
				HEADER_SEARCH_PATHS = (
					"$(OF_CORE_HEADERS)",
					src,
				);
				OTHER_CPLUSPLUSFLAGS = "-D__MACOSX_CORE__";
			};
			name = Debug;
		};
		E4B69B4F0A3A1720003C02F2 /* Release */ = {
			isa = XCBuildConfiguration;
			baseConfigurationReference = E4EB6923138AFD0F00A09F29 /* Project.xcconfig */;
			buildSettings = {
				CODE_SIGN_ENTITLEMENTS = of.entitlements;
				COPY_PHASE_STRIP = YES;
				GCC_OPTIMIZATION_LEVEL = 3;
				GCC_UNROLL_LOOPS = YES;
				HEADER_SEARCH_PATHS = (
					"$(OF_CORE_HEADERS)",
					src,
				);
				OTHER_CPLUSPLUSFLAGS = "-D__MACOSX_CORE__";
			};
			name = Release;
		};
		E4B69B600A3A1757003C02F2 /* Debug */ = {
			isa = XCBuildConfiguration;
			baseConfigurationReference = E4EB6923138AFD0F00A09F29 /* Project.xcconfig */;
			buildSettings = {
				ARCHS = "$(ARCHS_STANDARD)";
				COPY_PHASE_STRIP = NO;
				FRAMEWORK_SEARCH_PATHS = "$(inherited)";
				GCC_DYNAMIC_NO_PIC = NO;
				GCC_PREPROCESSOR_DEFINITIONS = USE_OFX_HISTORYPLOT;
				HEADER_SEARCH_PATHS = (
					"$(OF_CORE_HEADERS)",
					src,
					src,
					../../../addons/ofxNetwork/src,
					../../../addons/ofxOsc/libs,
					../../../addons/ofxOsc/libs/oscpack,
					../../../addons/ofxOsc/libs/oscpack/src,
					../../../addons/ofxOsc/libs/oscpack/src/ip,
					../../../addons/ofxOsc/libs/oscpack/src/ip/posix,
					../../../addons/ofxOsc/libs/oscpack/src/osc,
					../../../addons/ofxOsc/src,
					../../../addons/ofxHistoryPlot/src,
					../../../addons/ofxAudioAnalysisClient/libs,
					../../../addons/ofxAudioAnalysisClient/src,
					../../../addons/ofxAudioData/libs,
					../../../addons/ofxAudioData/src,
					../../../addons/ofxDividedArea/libs,
					../../../addons/ofxDividedArea/src,
					../../../addons/ofxGui/src,
					../../../addons/ofxIntrospector/libs,
					../../../addons/ofxIntrospector/src,
					../../../addons/ofxPlottable/libs,
					../../../addons/ofxPlottable/src,
					../../../addons/ofxRenderer/libs,
					../../../addons/ofxRenderer/src,
					../../../addons/ofxRenderer/src/fluid,
					../../../addons/ofxRenderer/src/renderers,
					../../../addons/ofxRenderer/src/shaders,
					../../../addons/ofxSelfOrganizingMap/src,
					../../../addons/ofxTimeMeasurements/src,
				);
				LIBRARY_SEARCH_PATHS = "$(inherited)";
				OTHER_LDFLAGS = (
					"$(OF_CORE_LIBS)",
					"$(OF_CORE_FRAMEWORKS)",
					"$(LIB_OF_DEBUG)",
				);
			};
			name = Debug;
		};
		E4B69B610A3A1757003C02F2 /* Release */ = {
			isa = XCBuildConfiguration;
			baseConfigurationReference = E4EB6923138AFD0F00A09F29 /* Project.xcconfig */;
			buildSettings = {
				ARCHS = "$(ARCHS_STANDARD)";
				COPY_PHASE_STRIP = YES;
				FRAMEWORK_SEARCH_PATHS = "$(inherited)";
				GCC_PREPROCESSOR_DEFINITIONS = USE_OFX_HISTORYPLOT;
				HEADER_SEARCH_PATHS = (
					"$(OF_CORE_HEADERS)",
					src,
					src,
					../../../addons/ofxNetwork/src,
					../../../addons/ofxOsc/libs,
					../../../addons/ofxOsc/libs/oscpack,
					../../../addons/ofxOsc/libs/oscpack/src,
					../../../addons/ofxOsc/libs/oscpack/src/ip,
					../../../addons/ofxOsc/libs/oscpack/src/ip/posix,
					../../../addons/ofxOsc/libs/oscpack/src/osc,
					../../../addons/ofxOsc/src,
					../../../addons/ofxHistoryPlot/src,
					../../../addons/ofxAudioAnalysisClient/libs,
					../../../addons/ofxAudioAnalysisClient/src,
					../../../addons/ofxAudioData/libs,
					../../../addons/ofxAudioData/src,
					../../../addons/ofxDividedArea/libs,
					../../../addons/ofxDividedArea/src,
					../../../addons/ofxGui/src,
					../../../addons/ofxIntrospector/libs,
					../../../addons/ofxIntrospector/src,
					../../../addons/ofxPlottable/libs,
					../../../addons/ofxPlottable/src,
					../../../addons/ofxRenderer/libs,
					../../../addons/ofxRenderer/src,
					../../../addons/ofxRenderer/src/fluid,
					../../../addons/ofxRenderer/src/renderers,
					../../../addons/ofxRenderer/src/shaders,
					../../../addons/ofxSelfOrganizingMap/src,
					../../../addons/ofxTimeMeasurements/src,
				);
				LIBRARY_SEARCH_PATHS = "$(inherited)";
				OTHER_LDFLAGS = (
					"$(OF_CORE_LIBS)",
					"$(OF_CORE_FRAMEWORKS)",
					"$(LIB_OF)",
				);
				baseConfigurationReference = E4EB6923138AFD0F00A09F29;
			};
			name = Release;
		};
/* End XCBuildConfiguration section */

/* Begin XCConfigurationList section */
		E4B69B4D0A3A1720003C02F2 /* Build configuration list for PBXProject "bells2" */ = {
			isa = XCConfigurationList;
			buildConfigurations = (
				E4B69B4E0A3A1720003C02F2 /* Debug */,
				E4B69B4F0A3A1720003C02F2 /* Release */,
			);
			defaultConfigurationIsVisible = 0;
			defaultConfigurationName = Release;
		};
		E4B69B5F0A3A1757003C02F2 /* Build configuration list for PBXNativeTarget "bells2" */ = {
			isa = XCConfigurationList;
			buildConfigurations = (
				E4B69B600A3A1757003C02F2 /* Debug */,
				E4B69B610A3A1757003C02F2 /* Release */,
			);
			defaultConfigurationIsVisible = 0;
			defaultConfigurationName = Release;
		};
/* End XCConfigurationList section */
	};
	rootObject = E4B69B4C0A3A1720003C02F2 /* Project object */;
}
