// !$*UTF8*$!
{
	archiveVersion = 1;
	classes = {
	};
	objectVersion = 54;
	objects = {

/* Begin PBXBuildFile section */
		"0168A98F-DBE8-44CB-90D7-4C10414B7546" /* ofxToggle.cpp in Sources */ = {isa = PBXBuildFile; fileRef = "C8D7F9A6-37A7-4DE0-B185-BD07C0F26D10" /* ofxToggle.cpp */; };
		"0D90C29E-0408-439D-9AA4-87FE45DDB640" /* OscTypes.cpp in Sources */ = {isa = PBXBuildFile; fileRef = "E1F22C3E-B50F-4611-A1B9-86BF6E8DD942" /* OscTypes.cpp */; };
		"14AF05F0-4069-418B-985C-B938AB88B388" /* OscPrintReceivedElements.cpp in Sources */ = {isa = PBXBuildFile; fileRef = "7322F1DB-3567-4529-99E1-DEDB61DAF8AF" /* OscPrintReceivedElements.cpp */; };
		"167A2DA8-7855-444A-B80A-E8414C4CA394" /* ofxTimeMeasurements.cpp in Sources */ = {isa = PBXBuildFile; fileRef = "E773F4F8-E5E6-4CF2-A131-69E25F6E3558" /* ofxTimeMeasurements.cpp */; };
		"1858A997-9AA3-4705-AF2F-FE62C21EDD3D" /* ofxTimeMeasurementsScoped.cpp in Sources */ = {isa = PBXBuildFile; fileRef = "7CA3A800-2E08-4BB7-9A0F-18332F9ED9D8" /* ofxTimeMeasurementsScoped.cpp */; };
		"1932F6D5-48C2-4B01-80A6-D792790C49CF" /* ofxButton.cpp in Sources */ = {isa = PBXBuildFile; fileRef = "5DF89186-E30F-499A-B036-7983AB9DD989" /* ofxButton.cpp */; };
		"28520B8F-3BFA-40EC-B87B-477C40F40E4D" /* ofxInputField.cpp in Sources */ = {isa = PBXBuildFile; fileRef = "E2CD93D7-89AA-4205-A94B-A55E570B8F89" /* ofxInputField.cpp */; };
		"2DFBF1B4-C22A-4374-BE2C-0808FC96FA6F" /* ofxSliderGroup.cpp in Sources */ = {isa = PBXBuildFile; fileRef = "8B77A981-C0ED-4CE0-B025-F4577E3154CC" /* ofxSliderGroup.cpp */; };
		"2F5E88FF-0140-4B58-9ADA-2CC6854634A5" /* NetworkingUtils.cpp in Sources */ = {isa = PBXBuildFile; fileRef = "F8E719EC-328F-431B-BB53-833B3B1B90DF" /* NetworkingUtils.cpp */; };
		"464BC10A-FE04-4EC7-9D35-52A08EA377CD" /* ofxOscSender.cpp in Sources */ = {isa = PBXBuildFile; fileRef = "507FADB0-8622-4C9C-B7EB-441044E96337" /* ofxOscSender.cpp */; };
		"4DFD4ADF-DCC0-48BE-A1C2-CA2A0DBA87E8" /* ofxOscMessage.cpp in Sources */ = {isa = PBXBuildFile; fileRef = "5000A7E9-A41C-4F6D-B9B1-DFB9782BCC96" /* ofxOscMessage.cpp */; };
		"51F94877-518F-48C2-9D37-C24693EA68CB" /* Divider.cpp in Sources */ = {isa = PBXBuildFile; fileRef = "1A3DFF72-55CE-4958-A44B-03ED7143C938" /* Divider.cpp */; };
		"570B0E02-A1A7-45DA-A227-EF58F4744E66" /* ofxOscReceiver.cpp in Sources */ = {isa = PBXBuildFile; fileRef = "3A7E87AF-5190-4A3A-A871-0D2514F40059" /* ofxOscReceiver.cpp */; };
		"59A60AF9-FAA2-48D7-9364-87BC401CEDFD" /* Plots.cpp in Sources */ = {isa = PBXBuildFile; fileRef = "7296FE54-68C2-4B53-9114-2CBE30FCDEA8" /* Plots.cpp */; };
		"5D00F723-156D-4F65-99BA-6B99DB5F658B" /* SpectrumPlots.cpp in Sources */ = {isa = PBXBuildFile; fileRef = "6DBD0943-2F25-494A-BC02-A19E5DD30DCC" /* SpectrumPlots.cpp */; };
		"5D8CE511-B372-4426-9966-75B92A79D87A" /* ofxSelfOrganizingMap.cpp in Sources */ = {isa = PBXBuildFile; fileRef = "8D375AFD-8BE2-43C1-A7CC-C42B24C86620" /* ofxSelfOrganizingMap.cpp */; };
		"5D9F0E55-33C5-44B0-AABA-86C913EB09B7" /* Plot.cpp in Sources */ = {isa = PBXBuildFile; fileRef = "0161F1E1-EB32-42FF-AB85-DD6ACFA2B62E" /* Plot.cpp */; };
		"5EA50A90-4CD8-4F9A-A95C-93CA57BCA9B8" /* OscReceivedElements.cpp in Sources */ = {isa = PBXBuildFile; fileRef = "BBC7A9B6-A22B-4418-8C72-CFD1BDAC9F64" /* OscReceivedElements.cpp */; };
		"6310159C-E74C-4999-9471-456DEC23AD65" /* IpEndpointName.cpp in Sources */ = {isa = PBXBuildFile; fileRef = "9152471A-043E-4122-AB96-F7448D8CC47C" /* IpEndpointName.cpp */; };
		"7479E96D-2B8B-4B86-963C-0F4EF6E63473" /* MinimalTree.cpp in Sources */ = {isa = PBXBuildFile; fileRef = "56F37437-59C7-4600-BCCD-00179D558E9B" /* MinimalTree.cpp */; };
		"7893AD60-01CE-4171-A5A0-A5B788FB7397" /* OscOutboundPacketStream.cpp in Sources */ = {isa = PBXBuildFile; fileRef = "B4C65237-EA2F-4DE5-8042-9CF40E3B4BD9" /* OscOutboundPacketStream.cpp */; };
		"7E959760-657D-4196-9628-B561BEF63B63" /* ofxBaseGui.cpp in Sources */ = {isa = PBXBuildFile; fileRef = "8FD5BC44-45F8-4670-94A5-854BA284F8C3" /* ofxBaseGui.cpp */; };
		"8773041D-B34B-4E71-A1DF-DD13769C1552" /* BaseClient.cpp in Sources */ = {isa = PBXBuildFile; fileRef = "47CA2047-2005-47FA-81E0-68DABF408917" /* BaseClient.cpp */; };
		"8800F784-57E8-4EB5-A290-7B39011C68F2" /* ofxTCPServer.cpp in Sources */ = {isa = PBXBuildFile; fileRef = "EE8208D1-E5EE-4EA8-A28C-D5A3290DFEE5" /* ofxTCPServer.cpp */; };
		"969C2095-4BD6-48A5-8729-24A2B7E84219" /* UdpSocket.cpp in Sources */ = {isa = PBXBuildFile; fileRef = "38BB0F4E-59C9-44EF-B3EC-72F9B280408F" /* UdpSocket.cpp */; };
		"98A77324-26A0-4881-AC83-C36056478B89" /* ofxOscBundle.cpp in Sources */ = {isa = PBXBuildFile; fileRef = "809273BF-46F9-4C4B-80E4-B4265D0E6F6B" /* ofxOscBundle.cpp */; };
		"9BFB35F8-726C-48BD-920D-1CF8A218C992" /* ofxHistoryPlot.cpp in Sources */ = {isa = PBXBuildFile; fileRef = "D768ABC4-71E2-497B-91EA-9A941ADD3A19" /* ofxHistoryPlot.cpp */; };
		"CA0C2F28-9D68-4508-A93E-42701F0BB35C" /* ofxOscParameterSync.cpp in Sources */ = {isa = PBXBuildFile; fileRef = "F8BF9013-7D25-419A-A639-AC0E727AE08E" /* ofxOscParameterSync.cpp */; };
		"CCA99A30-EA15-42EF-9821-3D2B40C8B49B" /* ofxIntrospector.cpp in Sources */ = {isa = PBXBuildFile; fileRef = "5E895470-24C3-441D-A147-D4DE4FC88BE6" /* ofxIntrospector.cpp */; };
		"CECA3BC7-21D7-4361-9C0E-C6AFFAD18B70" /* FileClient.cpp in Sources */ = {isa = PBXBuildFile; fileRef = "56D2B861-9621-478B-B690-8E3AF6362610" /* FileClient.cpp */; };
		"D0482E14-5AB1-4E27-A9B9-5D4EB587A00F" /* ofxLabel.cpp in Sources */ = {isa = PBXBuildFile; fileRef = "2EFC9B52-BF40-442C-8E2D-73986D8D1302" /* ofxLabel.cpp */; };
		"D868A48A-9D7E-43CF-ABC2-EE1111795482" /* ofxNetworkUtils.cpp in Sources */ = {isa = PBXBuildFile; fileRef = "84D962B3-E773-4D89-AFFD-C1994F4B16D5" /* ofxNetworkUtils.cpp */; };
		"DEF1BBA5-FA0E-4E15-8AF3-6A5ED3EA01AA" /* ofxPanel.cpp in Sources */ = {isa = PBXBuildFile; fileRef = "1F03320A-D0DD-4D31-B654-D9865722AFAD" /* ofxPanel.cpp */; };
		"DF64E084-6CA0-4E55-834A-771D888AD92A" /* ofxSlider.cpp in Sources */ = {isa = PBXBuildFile; fileRef = "FCD8F499-9229-48BE-9A45-A8A8B4FA517D" /* ofxSlider.cpp */; };
		"E0E4C317-E647-4418-906F-AFA8DB3DDAFF" /* ofxTCPClient.cpp in Sources */ = {isa = PBXBuildFile; fileRef = "A65D2B9D-C65B-4B41-A3F2-3EE229F519BC" /* ofxTCPClient.cpp */; };
		"E16658ED-1BC4-4DFA-BC7A-70E508C4C4CB" /* LiveClient.cpp in Sources */ = {isa = PBXBuildFile; fileRef = "1CE70CE3-AA3A-4A15-AB04-B1F20D6F7C08" /* LiveClient.cpp */; };
		"E2C5DC68-CCFA-4747-B5C7-7991ADF283A2" /* ofxGuiGroup.cpp in Sources */ = {isa = PBXBuildFile; fileRef = "565D8292-8ACE-41CE-9338-7F50E85E5A91" /* ofxGuiGroup.cpp */; };
		"E3022C89-A768-4D63-AF05-2EECB04F2A19" /* ofxUDPManager.cpp in Sources */ = {isa = PBXBuildFile; fileRef = "CA53FE85-941C-4B82-B8A3-6BA58B1F5A6F" /* ofxUDPManager.cpp */; };
		E4B69E200A3A1BDC003C02F2 /* main.cpp in Sources */ = {isa = PBXBuildFile; fileRef = E4B69E1D0A3A1BDC003C02F2 /* main.cpp */; };
		E4B69E210A3A1BDC003C02F2 /* ofApp.cpp in Sources */ = {isa = PBXBuildFile; fileRef = E4B69E1E0A3A1BDC003C02F2 /* ofApp.cpp */; };
		"E843EC37-EF9E-437B-9CAF-54B00BCDD340" /* Processor.cpp in Sources */ = {isa = PBXBuildFile; fileRef = "1E0ADE11-76A4-402A-BE52-3F777DE0B2B3" /* Processor.cpp */; };
		"EC6D30D6-D642-42D5-9693-75D80FF5071A" /* ofxColorPicker.cpp in Sources */ = {isa = PBXBuildFile; fileRef = "BBDCAB05-3343-49BF-A2B1-CEAA40890833" /* ofxColorPicker.cpp */; };
		"FD65E504-63FB-4A1F-89B6-8F292FBDA3CD" /* ofxTCPManager.cpp in Sources */ = {isa = PBXBuildFile; fileRef = "8E7831D6-6019-48F6-9081-C6681486CA79" /* ofxTCPManager.cpp */; };
/* End PBXBuildFile section */

/* Begin PBXCopyFilesBuildPhase section */
		E4A5B60F29BAAAE400C2D356 /* CopyFiles */ = {
			isa = PBXCopyFilesBuildPhase;
			buildActionMask = 2147483647;
			dstPath = "";
			dstSubfolderSpec = 6;
			files = (
			);
			runOnlyForDeploymentPostprocessing = 0;
		};
		E4C2427710CC5ABF004149E2 /* CopyFiles */ = {
			isa = PBXCopyFilesBuildPhase;
			buildActionMask = 2147483647;
			dstPath = "";
			dstSubfolderSpec = 10;
			files = (
			);
			runOnlyForDeploymentPostprocessing = 0;
		};
/* End PBXCopyFilesBuildPhase section */

/* Begin PBXFileReference section */
		"0161F1E1-EB32-42FF-AB85-DD6ACFA2B62E" /* Plot.cpp */ = {isa = PBXFileReference; fileEncoding = 4; lastKnownFileType = sourcecode.cpp.cpp; name = Plot.cpp; path = src/Plot.cpp; sourceTree = SOURCE_ROOT; };
		"03253339-FDC8-4ECF-842A-DAECAF54AE92" /* ofxGuiUtils.h */ = {isa = PBXFileReference; fileEncoding = 4; lastKnownFileType = sourcecode.cpp.h; name = ofxGuiUtils.h; path = ../../../addons/ofxGui/src/ofxGuiUtils.h; sourceTree = SOURCE_ROOT; };
		"059946A8-2666-439F-B3ED-551327CD3410" /* Plots.hpp */ = {isa = PBXFileReference; fileEncoding = 4; lastKnownFileType = sourcecode.cpp.h; name = Plots.hpp; path = ../../../addons/ofxAudioData/src/Plots.hpp; sourceTree = SOURCE_ROOT; };
		"0629E48B-4DC8-4582-A5B0-66B029C70E9B" /* ofxInputField.h */ = {isa = PBXFileReference; fileEncoding = 4; lastKnownFileType = sourcecode.cpp.h; name = ofxInputField.h; path = ../../../addons/ofxGui/src/ofxInputField.h; sourceTree = SOURCE_ROOT; };
		"06E090BA-9DE2-46FB-8331-2B7D0FD43A5F" /* ofxOsc.h */ = {isa = PBXFileReference; fileEncoding = 4; lastKnownFileType = sourcecode.cpp.h; name = ofxOsc.h; path = ../../../addons/ofxOsc/src/ofxOsc.h; sourceTree = SOURCE_ROOT; };
		"06F13A3C-5345-47DA-A1D7-9E4290542201" /* OscHostEndianness.h */ = {isa = PBXFileReference; fileEncoding = 4; lastKnownFileType = sourcecode.cpp.h; name = OscHostEndianness.h; path = ../../../addons/ofxOsc/libs/oscpack/src/osc/OscHostEndianness.h; sourceTree = SOURCE_ROOT; };
		"0710B680-AE86-4CD6-8953-52679F9650CD" /* TimerListener.h */ = {isa = PBXFileReference; fileEncoding = 4; lastKnownFileType = sourcecode.cpp.h; name = TimerListener.h; path = ../../../addons/ofxOsc/libs/oscpack/src/ip/TimerListener.h; sourceTree = SOURCE_ROOT; };
		"088CC57A-22E7-47AB-AC99-BA23A6318230" /* DivergenceRenderer.h */ = {isa = PBXFileReference; fileEncoding = 4; lastKnownFileType = sourcecode.cpp.h; name = DivergenceRenderer.h; path = ../../../addons/ofxRenderer/src/fluid/DivergenceRenderer.h; sourceTree = SOURCE_ROOT; };
		"0BBF2A7E-7104-46E4-A4F1-3BA787CBF51E" /* ofxTCPSettings.h */ = {isa = PBXFileReference; fileEncoding = 4; lastKnownFileType = sourcecode.cpp.h; name = ofxTCPSettings.h; path = ../../../addons/ofxNetwork/src/ofxTCPSettings.h; sourceTree = SOURCE_ROOT; };
		"1105D60E-F4ED-4081-825D-C5B899279E07" /* UdpSocket.h */ = {isa = PBXFileReference; fileEncoding = 4; lastKnownFileType = sourcecode.cpp.h; name = UdpSocket.h; path = ../../../addons/ofxOsc/libs/oscpack/src/ip/UdpSocket.h; sourceTree = SOURCE_ROOT; };
		191CD6FA2847E21E0085CBB6 /* of.entitlements */ = {isa = PBXFileReference; fileEncoding = 4; lastKnownFileType = text.plist.entitlements; path = of.entitlements; sourceTree = "<group>"; };
		191EF70929D778A400F35F26 /* openFrameworks */ = {isa = PBXFileReference; lastKnownFileType = folder; name = openFrameworks; path = ../../../libs/openFrameworks; sourceTree = SOURCE_ROOT; };
		"1A3DFF72-55CE-4958-A44B-03ED7143C938" /* Divider.cpp */ = {isa = PBXFileReference; fileEncoding = 4; lastKnownFileType = sourcecode.cpp.cpp; name = Divider.cpp; path = src/Divider.cpp; sourceTree = SOURCE_ROOT; };
		"1CE70CE3-AA3A-4A15-AB04-B1F20D6F7C08" /* LiveClient.cpp */ = {isa = PBXFileReference; fileEncoding = 4; lastKnownFileType = sourcecode.cpp.cpp; name = LiveClient.cpp; path = ../../../addons/ofxAudioAnalysisClient/src/LiveClient.cpp; sourceTree = SOURCE_ROOT; };
		"1D27DED3-A300-4BEA-9E3A-38AB6A03374E" /* ofxAudioAnalysisClient.h */ = {isa = PBXFileReference; fileEncoding = 4; lastKnownFileType = sourcecode.cpp.h; name = ofxAudioAnalysisClient.h; path = ../../../addons/ofxAudioAnalysisClient/src/ofxAudioAnalysisClient.h; sourceTree = SOURCE_ROOT; };
		"1E0ADE11-76A4-402A-BE52-3F777DE0B2B3" /* Processor.cpp */ = {isa = PBXFileReference; fileEncoding = 4; lastKnownFileType = sourcecode.cpp.cpp; name = Processor.cpp; path = ../../../addons/ofxAudioData/src/Processor.cpp; sourceTree = SOURCE_ROOT; };
		"1F03320A-D0DD-4D31-B654-D9865722AFAD" /* ofxPanel.cpp */ = {isa = PBXFileReference; fileEncoding = 4; lastKnownFileType = sourcecode.cpp.cpp; name = ofxPanel.cpp; path = ../../../addons/ofxGui/src/ofxPanel.cpp; sourceTree = SOURCE_ROOT; };
		"209D5702-5255-46B7-87E9-1933212C81EB" /* dkm.hpp */ = {isa = PBXFileReference; fileEncoding = 4; lastKnownFileType = sourcecode.cpp.h; name = dkm.hpp; path = src/dkm.hpp; sourceTree = SOURCE_ROOT; };
		"23D4D4D9-31F2-4141-882E-0E0986704EEE" /* ofxBaseGui.h */ = {isa = PBXFileReference; fileEncoding = 4; lastKnownFileType = sourcecode.cpp.h; name = ofxBaseGui.h; path = ../../../addons/ofxGui/src/ofxBaseGui.h; sourceTree = SOURCE_ROOT; };
		"2D83451F-9D04-4DDD-9F47-8A4F3E3B1D61" /* MessageMappingOscPacketListener.h */ = {isa = PBXFileReference; fileEncoding = 4; lastKnownFileType = sourcecode.cpp.h; name = MessageMappingOscPacketListener.h; path = ../../../addons/ofxOsc/libs/oscpack/src/osc/MessageMappingOscPacketListener.h; sourceTree = SOURCE_ROOT; };
		"2EFC9B52-BF40-442C-8E2D-73986D8D1302" /* ofxLabel.cpp */ = {isa = PBXFileReference; fileEncoding = 4; lastKnownFileType = sourcecode.cpp.cpp; name = ofxLabel.cpp; path = ../../../addons/ofxGui/src/ofxLabel.cpp; sourceTree = SOURCE_ROOT; };
		"32565AD4-93A0-4B7D-96ED-A170B0963618" /* ofxOscSender.h */ = {isa = PBXFileReference; fileEncoding = 4; lastKnownFileType = sourcecode.cpp.h; name = ofxOscSender.h; path = ../../../addons/ofxOsc/src/ofxOscSender.h; sourceTree = SOURCE_ROOT; };
		"36DF2226-E841-4CC0-B7A6-3E99AD7DBBC1" /* SpectrumPlots.hpp */ = {isa = PBXFileReference; fileEncoding = 4; lastKnownFileType = sourcecode.cpp.h; name = SpectrumPlots.hpp; path = ../../../addons/ofxAudioData/src/SpectrumPlots.hpp; sourceTree = SOURCE_ROOT; };
		"377F8E08-FE6A-46AC-90F4-B2C5F637EED3" /* ofxGuiGroup.h */ = {isa = PBXFileReference; fileEncoding = 4; lastKnownFileType = sourcecode.cpp.h; name = ofxGuiGroup.h; path = ../../../addons/ofxGui/src/ofxGuiGroup.h; sourceTree = SOURCE_ROOT; };
		"379EC75C-A22F-494C-88DF-DEA6EEC20DCD" /* ofxAudioData.h */ = {isa = PBXFileReference; fileEncoding = 4; lastKnownFileType = sourcecode.cpp.h; name = ofxAudioData.h; path = ../../../addons/ofxAudioData/src/ofxAudioData.h; sourceTree = SOURCE_ROOT; };
		"38BB0F4E-59C9-44EF-B3EC-72F9B280408F" /* UdpSocket.cpp */ = {isa = PBXFileReference; fileEncoding = 4; lastKnownFileType = sourcecode.cpp.cpp; name = UdpSocket.cpp; path = ../../../addons/ofxOsc/libs/oscpack/src/ip/posix/UdpSocket.cpp; sourceTree = SOURCE_ROOT; };
		"38E50B41-AB16-40A3-8CB8-C2B9CBB88271" /* ofxIntrospector.h */ = {isa = PBXFileReference; fileEncoding = 4; lastKnownFileType = sourcecode.cpp.h; name = ofxIntrospector.h; path = ../../../addons/ofxIntrospector/src/ofxIntrospector.h; sourceTree = SOURCE_ROOT; };
		"3A7E87AF-5190-4A3A-A871-0D2514F40059" /* ofxOscReceiver.cpp */ = {isa = PBXFileReference; fileEncoding = 4; lastKnownFileType = sourcecode.cpp.cpp; name = ofxOscReceiver.cpp; path = ../../../addons/ofxOsc/src/ofxOscReceiver.cpp; sourceTree = SOURCE_ROOT; };
		"3B588C1D-E565-443E-A5B6-25A34EC061A8" /* ofxGui.h */ = {isa = PBXFileReference; fileEncoding = 4; lastKnownFileType = sourcecode.cpp.h; name = ofxGui.h; path = ../../../addons/ofxGui/src/ofxGui.h; sourceTree = SOURCE_ROOT; };
		"3FF743E5-9EB4-4C56-AC7C-D5714D747632" /* FadeShader.h */ = {isa = PBXFileReference; fileEncoding = 4; lastKnownFileType = sourcecode.cpp.h; name = FadeShader.h; path = ../../../addons/ofxRenderer/src/shaders/FadeShader.h; sourceTree = SOURCE_ROOT; };
		"42668F35-325E-4C00-8FED-8BB286848274" /* PacketListener.h */ = {isa = PBXFileReference; fileEncoding = 4; lastKnownFileType = sourcecode.cpp.h; name = PacketListener.h; path = ../../../addons/ofxOsc/libs/oscpack/src/ip/PacketListener.h; sourceTree = SOURCE_ROOT; };
		"44F8B817-8B26-4BA9-AE3B-2FA664F51FCB" /* VorticityRenderer.h */ = {isa = PBXFileReference; fileEncoding = 4; lastKnownFileType = sourcecode.cpp.h; name = VorticityRenderer.h; path = ../../../addons/ofxRenderer/src/fluid/VorticityRenderer.h; sourceTree = SOURCE_ROOT; };
		"47CA2047-2005-47FA-81E0-68DABF408917" /* BaseClient.cpp */ = {isa = PBXFileReference; fileEncoding = 4; lastKnownFileType = sourcecode.cpp.cpp; name = BaseClient.cpp; path = ../../../addons/ofxAudioAnalysisClient/src/BaseClient.cpp; sourceTree = SOURCE_ROOT; };
		"4801FCEB-3CD2-4080-95A1-5D46E61395A5" /* MinimalTree.h */ = {isa = PBXFileReference; fileEncoding = 4; lastKnownFileType = sourcecode.cpp.h; name = MinimalTree.h; path = ../../../addons/ofxTimeMeasurements/src/MinimalTree.h; sourceTree = SOURCE_ROOT; };
		"4901A416-8B03-4940-9367-677942035EB8" /* PingPongRenderer.h */ = {isa = PBXFileReference; fileEncoding = 4; lastKnownFileType = sourcecode.cpp.h; name = PingPongRenderer.h; path = ../../../addons/ofxRenderer/src/PingPongRenderer.h; sourceTree = SOURCE_ROOT; };
		"49F84D09-3335-4661-B956-0174A03D2183" /* OscException.h */ = {isa = PBXFileReference; fileEncoding = 4; lastKnownFileType = sourcecode.cpp.h; name = OscException.h; path = ../../../addons/ofxOsc/libs/oscpack/src/osc/OscException.h; sourceTree = SOURCE_ROOT; };
		"4E0717F9-A24A-4855-9360-947244B30E9F" /* Renderer.h */ = {isa = PBXFileReference; fileEncoding = 4; lastKnownFileType = sourcecode.cpp.h; name = Renderer.h; path = ../../../addons/ofxRenderer/src/Renderer.h; sourceTree = SOURCE_ROOT; };
		"5000A7E9-A41C-4F6D-B9B1-DFB9782BCC96" /* ofxOscMessage.cpp */ = {isa = PBXFileReference; fileEncoding = 4; lastKnownFileType = sourcecode.cpp.cpp; name = ofxOscMessage.cpp; path = ../../../addons/ofxOsc/src/ofxOscMessage.cpp; sourceTree = SOURCE_ROOT; };
		"507FADB0-8622-4C9C-B7EB-441044E96337" /* ofxOscSender.cpp */ = {isa = PBXFileReference; fileEncoding = 4; lastKnownFileType = sourcecode.cpp.cpp; name = ofxOscSender.cpp; path = ../../../addons/ofxOsc/src/ofxOscSender.cpp; sourceTree = SOURCE_ROOT; };
		"52370403-2F00-40E5-96C4-A7ADAFB6E214" /* ofxLabel.h */ = {isa = PBXFileReference; fileEncoding = 4; lastKnownFileType = sourcecode.cpp.h; name = ofxLabel.h; path = ../../../addons/ofxGui/src/ofxLabel.h; sourceTree = SOURCE_ROOT; };
		"540DA6A1-C4FE-4485-B7F7-8DD7CA6B692A" /* ofxSliderGroup.h */ = {isa = PBXFileReference; fileEncoding = 4; lastKnownFileType = sourcecode.cpp.h; name = ofxSliderGroup.h; path = ../../../addons/ofxGui/src/ofxSliderGroup.h; sourceTree = SOURCE_ROOT; };
		"5580C1F5-7E57-4148-8C5F-E100DA3AD361" /* AddTextureShader.h */ = {isa = PBXFileReference; fileEncoding = 4; lastKnownFileType = sourcecode.cpp.h; name = AddTextureShader.h; path = ../../../addons/ofxRenderer/src/shaders/AddTextureShader.h; sourceTree = SOURCE_ROOT; };
		"565D8292-8ACE-41CE-9338-7F50E85E5A91" /* ofxGuiGroup.cpp */ = {isa = PBXFileReference; fileEncoding = 4; lastKnownFileType = sourcecode.cpp.cpp; name = ofxGuiGroup.cpp; path = ../../../addons/ofxGui/src/ofxGuiGroup.cpp; sourceTree = SOURCE_ROOT; };
		"56D2B861-9621-478B-B690-8E3AF6362610" /* FileClient.cpp */ = {isa = PBXFileReference; fileEncoding = 4; lastKnownFileType = sourcecode.cpp.cpp; name = FileClient.cpp; path = ../../../addons/ofxAudioAnalysisClient/src/FileClient.cpp; sourceTree = SOURCE_ROOT; };
		"56F37437-59C7-4600-BCCD-00179D558E9B" /* MinimalTree.cpp */ = {isa = PBXFileReference; fileEncoding = 4; lastKnownFileType = sourcecode.cpp.cpp; name = MinimalTree.cpp; path = ../../../addons/ofxTimeMeasurements/src/MinimalTree.cpp; sourceTree = SOURCE_ROOT; };
		"57EA3903-718C-4CA6-B6D0-284671E8E090" /* IpEndpointName.h */ = {isa = PBXFileReference; fileEncoding = 4; lastKnownFileType = sourcecode.cpp.h; name = IpEndpointName.h; path = ../../../addons/ofxOsc/libs/oscpack/src/ip/IpEndpointName.h; sourceTree = SOURCE_ROOT; };
		"5B412B0A-862A-4D4A-A860-069D58B96774" /* OscReceivedElements.h */ = {isa = PBXFileReference; fileEncoding = 4; lastKnownFileType = sourcecode.cpp.h; name = OscReceivedElements.h; path = ../../../addons/ofxOsc/libs/oscpack/src/osc/OscReceivedElements.h; sourceTree = SOURCE_ROOT; };
		"5C88C41A-0321-4048-AD7C-A3189636AC18" /* MaskShader.h */ = {isa = PBXFileReference; fileEncoding = 4; lastKnownFileType = sourcecode.cpp.h; name = MaskShader.h; path = ../../../addons/ofxRenderer/src/shaders/MaskShader.h; sourceTree = SOURCE_ROOT; };
		"5D0B05A9-2B1E-4623-B5B7-5BEA46F46974" /* Processor.hpp */ = {isa = PBXFileReference; fileEncoding = 4; lastKnownFileType = sourcecode.cpp.h; name = Processor.hpp; path = ../../../addons/ofxAudioData/src/Processor.hpp; sourceTree = SOURCE_ROOT; };
		"5DF89186-E30F-499A-B036-7983AB9DD989" /* ofxButton.cpp */ = {isa = PBXFileReference; fileEncoding = 4; lastKnownFileType = sourcecode.cpp.cpp; name = ofxButton.cpp; path = ../../../addons/ofxGui/src/ofxButton.cpp; sourceTree = SOURCE_ROOT; };
		"5E895470-24C3-441D-A147-D4DE4FC88BE6" /* ofxIntrospector.cpp */ = {isa = PBXFileReference; fileEncoding = 4; lastKnownFileType = sourcecode.cpp.cpp; name = ofxIntrospector.cpp; path = ../../../addons/ofxIntrospector/src/ofxIntrospector.cpp; sourceTree = SOURCE_ROOT; };
		"5EBC03AE-79BA-40BF-A24A-58EDE10593B0" /* OpticalFlowShader.h */ = {isa = PBXFileReference; fileEncoding = 4; lastKnownFileType = sourcecode.cpp.h; name = OpticalFlowShader.h; path = ../../../addons/ofxRenderer/src/shaders/OpticalFlowShader.h; sourceTree = SOURCE_ROOT; };
		"63A27DD3-05D3-41E7-8F30-2EE9995A386C" /* ApplyVorticityForceShader.h */ = {isa = PBXFileReference; fileEncoding = 4; lastKnownFileType = sourcecode.cpp.h; name = ApplyVorticityForceShader.h; path = ../../../addons/ofxRenderer/src/fluid/ApplyVorticityForceShader.h; sourceTree = SOURCE_ROOT; };
		"67909F7E-C3D8-44E1-A39E-4DCB8BB052E8" /* ofxColorPicker.h */ = {isa = PBXFileReference; fileEncoding = 4; lastKnownFileType = sourcecode.cpp.h; name = ofxColorPicker.h; path = ../../../addons/ofxGui/src/ofxColorPicker.h; sourceTree = SOURCE_ROOT; };
		"6ADE8589-EC81-4613-9779-5CAC11C0BF24" /* Constants.h */ = {isa = PBXFileReference; fileEncoding = 4; lastKnownFileType = sourcecode.cpp.h; name = Constants.h; path = src/Constants.h; sourceTree = SOURCE_ROOT; };
		"6C859C8F-9B5A-4A01-B31F-CE78C8282548" /* Divider.hpp */ = {isa = PBXFileReference; fileEncoding = 4; lastKnownFileType = sourcecode.cpp.h; name = Divider.hpp; path = src/Divider.hpp; sourceTree = SOURCE_ROOT; };
		"6DBD0943-2F25-494A-BC02-A19E5DD30DCC" /* SpectrumPlots.cpp */ = {isa = PBXFileReference; fileEncoding = 4; lastKnownFileType = sourcecode.cpp.cpp; name = SpectrumPlots.cpp; path = ../../../addons/ofxAudioData/src/SpectrumPlots.cpp; sourceTree = SOURCE_ROOT; };
		"70EE9195-B38F-4FD1-A7E5-852C558FB492" /* BaseClient.hpp */ = {isa = PBXFileReference; fileEncoding = 4; lastKnownFileType = sourcecode.cpp.h; name = BaseClient.hpp; path = ../../../addons/ofxAudioAnalysisClient/src/BaseClient.hpp; sourceTree = SOURCE_ROOT; };
		"7296FE54-68C2-4B53-9114-2CBE30FCDEA8" /* Plots.cpp */ = {isa = PBXFileReference; fileEncoding = 4; lastKnownFileType = sourcecode.cpp.cpp; name = Plots.cpp; path = ../../../addons/ofxAudioData/src/Plots.cpp; sourceTree = SOURCE_ROOT; };
		"7322F1DB-3567-4529-99E1-DEDB61DAF8AF" /* OscPrintReceivedElements.cpp */ = {isa = PBXFileReference; fileEncoding = 4; lastKnownFileType = sourcecode.cpp.cpp; name = OscPrintReceivedElements.cpp; path = ../../../addons/ofxOsc/libs/oscpack/src/osc/OscPrintReceivedElements.cpp; sourceTree = SOURCE_ROOT; };
		"7839C024-0CEF-4EED-A2D7-9F3497F0400E" /* ofxOscArg.h */ = {isa = PBXFileReference; fileEncoding = 4; lastKnownFileType = sourcecode.cpp.h; name = ofxOscArg.h; path = ../../../addons/ofxOsc/src/ofxOscArg.h; sourceTree = SOURCE_ROOT; };
		"7CA3A800-2E08-4BB7-9A0F-18332F9ED9D8" /* ofxTimeMeasurementsScoped.cpp */ = {isa = PBXFileReference; fileEncoding = 4; lastKnownFileType = sourcecode.cpp.cpp; name = ofxTimeMeasurementsScoped.cpp; path = ../../../addons/ofxTimeMeasurements/src/ofxTimeMeasurementsScoped.cpp; sourceTree = SOURCE_ROOT; };
		"809273BF-46F9-4C4B-80E4-B4265D0E6F6B" /* ofxOscBundle.cpp */ = {isa = PBXFileReference; fileEncoding = 4; lastKnownFileType = sourcecode.cpp.cpp; name = ofxOscBundle.cpp; path = ../../../addons/ofxOsc/src/ofxOscBundle.cpp; sourceTree = SOURCE_ROOT; };
		"84D962B3-E773-4D89-AFFD-C1994F4B16D5" /* ofxNetworkUtils.cpp */ = {isa = PBXFileReference; fileEncoding = 4; lastKnownFileType = sourcecode.cpp.cpp; name = ofxNetworkUtils.cpp; path = ../../../addons/ofxNetwork/src/ofxNetworkUtils.cpp; sourceTree = SOURCE_ROOT; };
		"8828B1C7-251C-4416-9636-AC7DA8F19EE6" /* OscTypes.h */ = {isa = PBXFileReference; fileEncoding = 4; lastKnownFileType = sourcecode.cpp.h; name = OscTypes.h; path = ../../../addons/ofxOsc/libs/oscpack/src/osc/OscTypes.h; sourceTree = SOURCE_ROOT; };
		"8B77A981-C0ED-4CE0-B025-F4577E3154CC" /* ofxSliderGroup.cpp */ = {isa = PBXFileReference; fileEncoding = 4; lastKnownFileType = sourcecode.cpp.cpp; name = ofxSliderGroup.cpp; path = ../../../addons/ofxGui/src/ofxSliderGroup.cpp; sourceTree = SOURCE_ROOT; };
		"8D375AFD-8BE2-43C1-A7CC-C42B24C86620" /* ofxSelfOrganizingMap.cpp */ = {isa = PBXFileReference; fileEncoding = 4; lastKnownFileType = sourcecode.cpp.cpp; name = ofxSelfOrganizingMap.cpp; path = ../../../addons/ofxSelfOrganizingMap/src/ofxSelfOrganizingMap.cpp; sourceTree = SOURCE_ROOT; };
		"8E7831D6-6019-48F6-9081-C6681486CA79" /* ofxTCPManager.cpp */ = {isa = PBXFileReference; fileEncoding = 4; lastKnownFileType = sourcecode.cpp.cpp; name = ofxTCPManager.cpp; path = ../../../addons/ofxNetwork/src/ofxTCPManager.cpp; sourceTree = SOURCE_ROOT; };
		"8FD5BC44-45F8-4670-94A5-854BA284F8C3" /* ofxBaseGui.cpp */ = {isa = PBXFileReference; fileEncoding = 4; lastKnownFileType = sourcecode.cpp.cpp; name = ofxBaseGui.cpp; path = ../../../addons/ofxGui/src/ofxBaseGui.cpp; sourceTree = SOURCE_ROOT; };
		"9152471A-043E-4122-AB96-F7448D8CC47C" /* IpEndpointName.cpp */ = {isa = PBXFileReference; fileEncoding = 4; lastKnownFileType = sourcecode.cpp.cpp; name = IpEndpointName.cpp; path = ../../../addons/ofxOsc/libs/oscpack/src/ip/IpEndpointName.cpp; sourceTree = SOURCE_ROOT; };
		"92E96D3E-E73C-46B9-9213-218C6DDBE098" /* FluidSimulation.h */ = {isa = PBXFileReference; fileEncoding = 4; lastKnownFileType = sourcecode.cpp.h; name = FluidSimulation.h; path = ../../../addons/ofxRenderer/src/fluid/FluidSimulation.h; sourceTree = SOURCE_ROOT; };
		"94A690E4-0BE9-430F-B3F1-959E78C5937F" /* ofxSelfOrganizingMap.h */ = {isa = PBXFileReference; fileEncoding = 4; lastKnownFileType = sourcecode.cpp.h; name = ofxSelfOrganizingMap.h; path = ../../../addons/ofxSelfOrganizingMap/src/ofxSelfOrganizingMap.h; sourceTree = SOURCE_ROOT; };
		"94C3D3E3-5631-43F4-8E63-1701FCD90F3A" /* Plot.hpp */ = {isa = PBXFileReference; fileEncoding = 4; lastKnownFileType = sourcecode.cpp.h; name = Plot.hpp; path = src/Plot.hpp; sourceTree = SOURCE_ROOT; };
		"9555FC5A-33B7-4498-9BE7-411CA98057FF" /* ofxTimeMeasurements.h */ = {isa = PBXFileReference; fileEncoding = 4; lastKnownFileType = sourcecode.cpp.h; name = ofxTimeMeasurements.h; path = ../../../addons/ofxTimeMeasurements/src/ofxTimeMeasurements.h; sourceTree = SOURCE_ROOT; };
		"95EC7AB6-FFAF-4B0D-B339-A781A67FDE0D" /* AddRadialImpulseShader.h */ = {isa = PBXFileReference; fileEncoding = 4; lastKnownFileType = sourcecode.cpp.h; name = AddRadialImpulseShader.h; path = ../../../addons/ofxRenderer/src/fluid/AddRadialImpulseShader.h; sourceTree = SOURCE_ROOT; };
		"9764258C-0E92-4315-A387-3E7D22C6C4E9" /* ofxTCPServer.h */ = {isa = PBXFileReference; fileEncoding = 4; lastKnownFileType = sourcecode.cpp.h; name = ofxTCPServer.h; path = ../../../addons/ofxNetwork/src/ofxTCPServer.h; sourceTree = SOURCE_ROOT; };
		"A115952D-32BD-4D82-B513-20579FBA7D60" /* GaussianXBlurShader.h */ = {isa = PBXFileReference; fileEncoding = 4; lastKnownFileType = sourcecode.cpp.h; name = GaussianXBlurShader.h; path = ../../../addons/ofxRenderer/src/shaders/GaussianXBlurShader.h; sourceTree = SOURCE_ROOT; };
		"A25C76D6-92D3-4919-A73C-6CEDDB4ADA50" /* LiveClient.hpp */ = {isa = PBXFileReference; fileEncoding = 4; lastKnownFileType = sourcecode.cpp.h; name = LiveClient.hpp; path = ../../../addons/ofxAudioAnalysisClient/src/LiveClient.hpp; sourceTree = SOURCE_ROOT; };
		"A5F321CA-AB2E-48C9-8A3A-4A68C72BDE9B" /* ofxNetworkUtils.h */ = {isa = PBXFileReference; fileEncoding = 4; lastKnownFileType = sourcecode.cpp.h; name = ofxNetworkUtils.h; path = ../../../addons/ofxNetwork/src/ofxNetworkUtils.h; sourceTree = SOURCE_ROOT; };
		"A65D2B9D-C65B-4B41-A3F2-3EE229F519BC" /* ofxTCPClient.cpp */ = {isa = PBXFileReference; fileEncoding = 4; lastKnownFileType = sourcecode.cpp.cpp; name = ofxTCPClient.cpp; path = ../../../addons/ofxNetwork/src/ofxTCPClient.cpp; sourceTree = SOURCE_ROOT; };
		"AA5A38AA-1A0C-4275-8D54-EE55EB68D096" /* ofxUDPManager.h */ = {isa = PBXFileReference; fileEncoding = 4; lastKnownFileType = sourcecode.cpp.h; name = ofxUDPManager.h; path = ../../../addons/ofxNetwork/src/ofxUDPManager.h; sourceTree = SOURCE_ROOT; };
		"AB8916DA-D8D5-4E83-A320-FFB5FB3CE3AB" /* NetworkingUtils.h */ = {isa = PBXFileReference; fileEncoding = 4; lastKnownFileType = sourcecode.cpp.h; name = NetworkingUtils.h; path = ../../../addons/ofxOsc/libs/oscpack/src/ip/NetworkingUtils.h; sourceTree = SOURCE_ROOT; };
		"B4C65237-EA2F-4DE5-8042-9CF40E3B4BD9" /* OscOutboundPacketStream.cpp */ = {isa = PBXFileReference; fileEncoding = 4; lastKnownFileType = sourcecode.cpp.cpp; name = OscOutboundPacketStream.cpp; path = ../../../addons/ofxOsc/libs/oscpack/src/osc/OscOutboundPacketStream.cpp; sourceTree = SOURCE_ROOT; };
		"B4F7D3F8-826F-4A18-9371-492C999C0173" /* GL_Measurement.h */ = {isa = PBXFileReference; fileEncoding = 4; lastKnownFileType = sourcecode.cpp.h; name = GL_Measurement.h; path = ../../../addons/ofxTimeMeasurements/src/GL_Measurement.h; sourceTree = SOURCE_ROOT; };
		"B5D17EBB-5706-4A3E-879D-D7B36F977CB7" /* GaussianYBlurShader.h */ = {isa = PBXFileReference; fileEncoding = 4; lastKnownFileType = sourcecode.cpp.h; name = GaussianYBlurShader.h; path = ../../../addons/ofxRenderer/src/shaders/GaussianYBlurShader.h; sourceTree = SOURCE_ROOT; };
		"B9B05DD3-84C3-4787-8354-1459827EBC91" /* ApplyBouyancyShader.h */ = {isa = PBXFileReference; fileEncoding = 4; lastKnownFileType = sourcecode.cpp.h; name = ApplyBouyancyShader.h; path = ../../../addons/ofxRenderer/src/fluid/ApplyBouyancyShader.h; sourceTree = SOURCE_ROOT; };
		"BA1D8C90-CEEB-4D74-924F-2588AA00C5DF" /* Shader.h */ = {isa = PBXFileReference; fileEncoding = 4; lastKnownFileType = sourcecode.cpp.h; name = Shader.h; path = ../../../addons/ofxRenderer/src/Shader.h; sourceTree = SOURCE_ROOT; };
		"BBC7A9B6-A22B-4418-8C72-CFD1BDAC9F64" /* OscReceivedElements.cpp */ = {isa = PBXFileReference; fileEncoding = 4; lastKnownFileType = sourcecode.cpp.cpp; name = OscReceivedElements.cpp; path = ../../../addons/ofxOsc/libs/oscpack/src/osc/OscReceivedElements.cpp; sourceTree = SOURCE_ROOT; };
		"BBDCAB05-3343-49BF-A2B1-CEAA40890833" /* ofxColorPicker.cpp */ = {isa = PBXFileReference; fileEncoding = 4; lastKnownFileType = sourcecode.cpp.cpp; name = ofxColorPicker.cpp; path = ../../../addons/ofxGui/src/ofxColorPicker.cpp; sourceTree = SOURCE_ROOT; };
		"BC6A0D08-74D8-41D6-A11B-41E8267A150C" /* AdvectShader.h */ = {isa = PBXFileReference; fileEncoding = 4; lastKnownFileType = sourcecode.cpp.h; name = AdvectShader.h; path = ../../../addons/ofxRenderer/src/fluid/AdvectShader.h; sourceTree = SOURCE_ROOT; };
		"BE4FA95C-FD64-447B-BFF8-00EBC4ABBD14" /* AddImpulseSpotShader.h */ = {isa = PBXFileReference; fileEncoding = 4; lastKnownFileType = sourcecode.cpp.h; name = AddImpulseSpotShader.h; path = ../../../addons/ofxRenderer/src/fluid/AddImpulseSpotShader.h; sourceTree = SOURCE_ROOT; };
		"C537DA90-48D7-44EB-82DB-179F3C26BF71" /* OscOutboundPacketStream.h */ = {isa = PBXFileReference; fileEncoding = 4; lastKnownFileType = sourcecode.cpp.h; name = OscOutboundPacketStream.h; path = ../../../addons/ofxOsc/libs/oscpack/src/osc/OscOutboundPacketStream.h; sourceTree = SOURCE_ROOT; };
		"C8D7F9A6-37A7-4DE0-B185-BD07C0F26D10" /* ofxToggle.cpp */ = {isa = PBXFileReference; fileEncoding = 4; lastKnownFileType = sourcecode.cpp.cpp; name = ofxToggle.cpp; path = ../../../addons/ofxGui/src/ofxToggle.cpp; sourceTree = SOURCE_ROOT; };
		"CA53FE85-941C-4B82-B8A3-6BA58B1F5A6F" /* ofxUDPManager.cpp */ = {isa = PBXFileReference; fileEncoding = 4; lastKnownFileType = sourcecode.cpp.cpp; name = ofxUDPManager.cpp; path = ../../../addons/ofxNetwork/src/ofxUDPManager.cpp; sourceTree = SOURCE_ROOT; };
		"CB479768-3F08-43E8-A83F-23131117DD83" /* OscPacketListener.h */ = {isa = PBXFileReference; fileEncoding = 4; lastKnownFileType = sourcecode.cpp.h; name = OscPacketListener.h; path = ../../../addons/ofxOsc/libs/oscpack/src/osc/OscPacketListener.h; sourceTree = SOURCE_ROOT; };
		"CBD56046-F5CF-4062-A687-ED4854FF54DC" /* ofxTCPClient.h */ = {isa = PBXFileReference; fileEncoding = 4; lastKnownFileType = sourcecode.cpp.h; name = ofxTCPClient.h; path = ../../../addons/ofxNetwork/src/ofxTCPClient.h; sourceTree = SOURCE_ROOT; };
		"D17E3570-C5A0-4E77-892B-E27B6844DE30" /* ofxOscBundle.h */ = {isa = PBXFileReference; fileEncoding = 4; lastKnownFileType = sourcecode.cpp.h; name = ofxOscBundle.h; path = ../../../addons/ofxOsc/src/ofxOscBundle.h; sourceTree = SOURCE_ROOT; };
		"D221A9A5-B667-4330-BBF6-BEF844F333F1" /* ofxHistoryPlot.h */ = {isa = PBXFileReference; fileEncoding = 4; lastKnownFileType = sourcecode.cpp.h; name = ofxHistoryPlot.h; path = ../../../addons/ofxHistoryPlot/src/ofxHistoryPlot.h; sourceTree = SOURCE_ROOT; };
		"D23C8759-B215-4571-8595-1017A6D4A672" /* ofxToggle.h */ = {isa = PBXFileReference; fileEncoding = 4; lastKnownFileType = sourcecode.cpp.h; name = ofxToggle.h; path = ../../../addons/ofxGui/src/ofxToggle.h; sourceTree = SOURCE_ROOT; };
		"D2AE41E5-5DA2-4382-B39F-B531D8473504" /* bin/data */ = {isa = PBXFileReference; fileEncoding = 4; lastKnownFileType = folder; path = bin/data; sourceTree = SOURCE_ROOT; };
		"D768ABC4-71E2-497B-91EA-9A941ADD3A19" /* ofxHistoryPlot.cpp */ = {isa = PBXFileReference; fileEncoding = 4; lastKnownFileType = sourcecode.cpp.cpp; name = ofxHistoryPlot.cpp; path = ../../../addons/ofxHistoryPlot/src/ofxHistoryPlot.cpp; sourceTree = SOURCE_ROOT; };
		"D77063D4-2BF2-492E-AA6A-96FCF3ABB200" /* ofxTimeMeasurementsMacros.h */ = {isa = PBXFileReference; fileEncoding = 4; lastKnownFileType = sourcecode.cpp.h; name = ofxTimeMeasurementsMacros.h; path = ../../../addons/ofxTimeMeasurements/src/ofxTimeMeasurementsMacros.h; sourceTree = SOURCE_ROOT; };
		"DA614288-3FF4-4212-A1D3-D5FC123D5022" /* ofxButton.h */ = {isa = PBXFileReference; fileEncoding = 4; lastKnownFileType = sourcecode.cpp.h; name = ofxButton.h; path = ../../../addons/ofxGui/src/ofxButton.h; sourceTree = SOURCE_ROOT; };
		"DAE7A2C5-12FA-4D5C-AB37-A69666DF2191" /* ofxSlider.h */ = {isa = PBXFileReference; fileEncoding = 4; lastKnownFileType = sourcecode.cpp.h; name = ofxSlider.h; path = ../../../addons/ofxGui/src/ofxSlider.h; sourceTree = SOURCE_ROOT; };
		"DB1FD984-6277-4AB1-A8B9-A2FED9CE9F8D" /* ofxUDPSettings.h */ = {isa = PBXFileReference; fileEncoding = 4; lastKnownFileType = sourcecode.cpp.h; name = ofxUDPSettings.h; path = ../../../addons/ofxNetwork/src/ofxUDPSettings.h; sourceTree = SOURCE_ROOT; };
		"DE575226-C9F8-4612-9C73-6E6F3157DF15" /* FileClient.hpp */ = {isa = PBXFileReference; fileEncoding = 4; lastKnownFileType = sourcecode.cpp.h; name = FileClient.hpp; path = ../../../addons/ofxAudioAnalysisClient/src/FileClient.hpp; sourceTree = SOURCE_ROOT; };
		"DEE949C1-B669-43FA-A85A-1467FC6244B2" /* JacobiShader.h */ = {isa = PBXFileReference; fileEncoding = 4; lastKnownFileType = sourcecode.cpp.h; name = JacobiShader.h; path = ../../../addons/ofxRenderer/src/fluid/JacobiShader.h; sourceTree = SOURCE_ROOT; };
		"DF481A77-0371-41AB-A4AD-D88A760CEC94" /* SubtractDivergenceShader.h */ = {isa = PBXFileReference; fileEncoding = 4; lastKnownFileType = sourcecode.cpp.h; name = SubtractDivergenceShader.h; path = ../../../addons/ofxRenderer/src/fluid/SubtractDivergenceShader.h; sourceTree = SOURCE_ROOT; };
		"E1D26FFD-F807-4428-8D20-2AE18649DC45" /* PingPongFbo.h */ = {isa = PBXFileReference; fileEncoding = 4; lastKnownFileType = sourcecode.cpp.h; name = PingPongFbo.h; path = ../../../addons/ofxRenderer/src/PingPongFbo.h; sourceTree = SOURCE_ROOT; };
		"E1F22C3E-B50F-4611-A1B9-86BF6E8DD942" /* OscTypes.cpp */ = {isa = PBXFileReference; fileEncoding = 4; lastKnownFileType = sourcecode.cpp.cpp; name = OscTypes.cpp; path = ../../../addons/ofxOsc/libs/oscpack/src/osc/OscTypes.cpp; sourceTree = SOURCE_ROOT; };
		"E2CD93D7-89AA-4205-A94B-A55E570B8F89" /* ofxInputField.cpp */ = {isa = PBXFileReference; fileEncoding = 4; lastKnownFileType = sourcecode.cpp.cpp; name = ofxInputField.cpp; path = ../../../addons/ofxGui/src/ofxInputField.cpp; sourceTree = SOURCE_ROOT; };
		"E490A966-7516-44EB-B1BB-C31565C03296" /* ofxNetwork.h */ = {isa = PBXFileReference; fileEncoding = 4; lastKnownFileType = sourcecode.cpp.h; name = ofxNetwork.h; path = ../../../addons/ofxNetwork/src/ofxNetwork.h; sourceTree = SOURCE_ROOT; };
		E4B69B5B0A3A1756003C02F2 /* bells2Debug.app */ = {isa = PBXFileReference; explicitFileType = wrapper.application; includeInIndex = 0; path = bells2Debug.app; sourceTree = BUILT_PRODUCTS_DIR; };
		E4B69E1D0A3A1BDC003C02F2 /* main.cpp */ = {isa = PBXFileReference; fileEncoding = 4; lastKnownFileType = sourcecode.cpp.cpp; name = main.cpp; path = src/main.cpp; sourceTree = SOURCE_ROOT; };
		E4B69E1E0A3A1BDC003C02F2 /* ofApp.cpp */ = {isa = PBXFileReference; explicitFileType = sourcecode.cpp.cpp; fileEncoding = 4; name = ofApp.cpp; path = src/ofApp.cpp; sourceTree = SOURCE_ROOT; };
		E4B69E1F0A3A1BDC003C02F2 /* ofApp.h */ = {isa = PBXFileReference; fileEncoding = 4; lastKnownFileType = sourcecode.c.h; name = ofApp.h; path = src/ofApp.h; sourceTree = SOURCE_ROOT; };
		E4B6FCAD0C3E899E008CF71C /* openFrameworks-Info.plist */ = {isa = PBXFileReference; fileEncoding = 4; lastKnownFileType = text.plist.xml; path = "openFrameworks-Info.plist"; sourceTree = "<group>"; };
		E4EB6923138AFD0F00A09F29 /* Project.xcconfig */ = {isa = PBXFileReference; fileEncoding = 4; lastKnownFileType = text.xcconfig; path = Project.xcconfig; sourceTree = "<group>"; };
		"E6C5AD08-7E2D-4DC8-83EF-6AC51FCA5269" /* ofxPanel.h */ = {isa = PBXFileReference; fileEncoding = 4; lastKnownFileType = sourcecode.cpp.h; name = ofxPanel.h; path = ../../../addons/ofxGui/src/ofxPanel.h; sourceTree = SOURCE_ROOT; };
		"E773F4F8-E5E6-4CF2-A131-69E25F6E3558" /* ofxTimeMeasurements.cpp */ = {isa = PBXFileReference; fileEncoding = 4; lastKnownFileType = sourcecode.cpp.cpp; name = ofxTimeMeasurements.cpp; path = ../../../addons/ofxTimeMeasurements/src/ofxTimeMeasurements.cpp; sourceTree = SOURCE_ROOT; };
		"E92FC4CD-6504-4632-B7E7-EEE6974797F2" /* ofxOscMessage.h */ = {isa = PBXFileReference; fileEncoding = 4; lastKnownFileType = sourcecode.cpp.h; name = ofxOscMessage.h; path = ../../../addons/ofxOsc/src/ofxOscMessage.h; sourceTree = SOURCE_ROOT; };
		"EE8208D1-E5EE-4EA8-A28C-D5A3290DFEE5" /* ofxTCPServer.cpp */ = {isa = PBXFileReference; fileEncoding = 4; lastKnownFileType = sourcecode.cpp.cpp; name = ofxTCPServer.cpp; path = ../../../addons/ofxNetwork/src/ofxTCPServer.cpp; sourceTree = SOURCE_ROOT; };
		"F01B6DA9-4B39-49E1-BD08-6E7F3036073E" /* OscPrintReceivedElements.h */ = {isa = PBXFileReference; fileEncoding = 4; lastKnownFileType = sourcecode.cpp.h; name = OscPrintReceivedElements.h; path = ../../../addons/ofxOsc/libs/oscpack/src/osc/OscPrintReceivedElements.h; sourceTree = SOURCE_ROOT; };
		"F45224ED-9445-498E-B136-E50A2EF11F8A" /* ofxOscParameterSync.h */ = {isa = PBXFileReference; fileEncoding = 4; lastKnownFileType = sourcecode.cpp.h; name = ofxOscParameterSync.h; path = ../../../addons/ofxOsc/src/ofxOscParameterSync.h; sourceTree = SOURCE_ROOT; };
		"F665FE08-8A64-4270-8DE6-0E0E751CD073" /* MultiplyColorShader.h */ = {isa = PBXFileReference; fileEncoding = 4; lastKnownFileType = sourcecode.cpp.h; name = MultiplyColorShader.h; path = ../../../addons/ofxRenderer/src/shaders/MultiplyColorShader.h; sourceTree = SOURCE_ROOT; };
		"F8BF9013-7D25-419A-A639-AC0E727AE08E" /* ofxOscParameterSync.cpp */ = {isa = PBXFileReference; fileEncoding = 4; lastKnownFileType = sourcecode.cpp.cpp; name = ofxOscParameterSync.cpp; path = ../../../addons/ofxOsc/src/ofxOscParameterSync.cpp; sourceTree = SOURCE_ROOT; };
		"F8E719EC-328F-431B-BB53-833B3B1B90DF" /* NetworkingUtils.cpp */ = {isa = PBXFileReference; fileEncoding = 4; lastKnownFileType = sourcecode.cpp.cpp; name = NetworkingUtils.cpp; path = ../../../addons/ofxOsc/libs/oscpack/src/ip/posix/NetworkingUtils.cpp; sourceTree = SOURCE_ROOT; };
		"F9AE4158-3E9B-4AC1-B4F4-1366954B83C5" /* ofxOscReceiver.h */ = {isa = PBXFileReference; fileEncoding = 4; lastKnownFileType = sourcecode.cpp.h; name = ofxOscReceiver.h; path = ../../../addons/ofxOsc/src/ofxOscReceiver.h; sourceTree = SOURCE_ROOT; };
		"FB52B767-99AA-46E1-B775-DCAF815606D1" /* ofxTimeMeasurementsScoped.h */ = {isa = PBXFileReference; fileEncoding = 4; lastKnownFileType = sourcecode.cpp.h; name = ofxTimeMeasurementsScoped.h; path = ../../../addons/ofxTimeMeasurements/src/ofxTimeMeasurementsScoped.h; sourceTree = SOURCE_ROOT; };
		"FB5BA5AD-63A4-4B9B-8978-E4556057C129" /* ofxTCPManager.h */ = {isa = PBXFileReference; fileEncoding = 4; lastKnownFileType = sourcecode.cpp.h; name = ofxTCPManager.h; path = ../../../addons/ofxNetwork/src/ofxTCPManager.h; sourceTree = SOURCE_ROOT; };
		"FCD8F499-9229-48BE-9A45-A8A8B4FA517D" /* ofxSlider.cpp */ = {isa = PBXFileReference; fileEncoding = 4; lastKnownFileType = sourcecode.cpp.cpp; name = ofxSlider.cpp; path = ../../../addons/ofxGui/src/ofxSlider.cpp; sourceTree = SOURCE_ROOT; };
/* End PBXFileReference section */

/* Begin PBXFrameworksBuildPhase section */
		E4B69B590A3A1756003C02F2 /* Frameworks */ = {
			isa = PBXFrameworksBuildPhase;
			buildActionMask = 2147483647;
			files = (
			);
			runOnlyForDeploymentPostprocessing = 0;
		};
/* End PBXFrameworksBuildPhase section */

/* Begin PBXGroup section */
		"01AC7722-A4AF-4CD6-8C03-88BADAFED46C" /* ofxHistoryPlot */ = {
			isa = PBXGroup;
			children = (
				"5F166677-CBEE-4B70-A59B-D021BF5217FC" /* src */,
			);
			name = ofxHistoryPlot;
			sourceTree = SOURCE_ROOT;
		};
		"04499E3D-FD02-4B51-B752-2697DB6E0625" /* src */ = {
			isa = PBXGroup;
			children = (
				"7296FE54-68C2-4B53-9114-2CBE30FCDEA8" /* Plots.cpp */,
				"059946A8-2666-439F-B3ED-551327CD3410" /* Plots.hpp */,
				"1E0ADE11-76A4-402A-BE52-3F777DE0B2B3" /* Processor.cpp */,
				"5D0B05A9-2B1E-4623-B5B7-5BEA46F46974" /* Processor.hpp */,
				"6DBD0943-2F25-494A-BC02-A19E5DD30DCC" /* SpectrumPlots.cpp */,
				"36DF2226-E841-4CC0-B7A6-3E99AD7DBBC1" /* SpectrumPlots.hpp */,
				"379EC75C-A22F-494C-88DF-DEA6EEC20DCD" /* ofxAudioData.h */,
			);
			name = src;
			sourceTree = SOURCE_ROOT;
		};
		"0638B88A-334E-4424-B314-56AC9AB853A6" /* oscpack */ = {
			isa = PBXGroup;
			children = (
				"62FDD47B-5663-4A30-9038-0CEEF4802CC5" /* src */,
			);
			name = oscpack;
			sourceTree = SOURCE_ROOT;
		};
		"0814FCA1-91DB-44D2-8AE3-B0764713DDE8" /* ofxIntrospector */ = {
			isa = PBXGroup;
			children = (
				"79DB8487-A5EC-4F66-93F0-B907255DB6AF" /* src */,
			);
			name = ofxIntrospector;
			sourceTree = SOURCE_ROOT;
		};
		"165C2265-C7C8-4F7D-917F-FB5235070825" /* ofxRenderer */ = {
			isa = PBXGroup;
			children = (
				"D4E637DD-470B-4A6E-AAF4-0C4EAA9503B0" /* src */,
			);
			name = ofxRenderer;
			sourceTree = SOURCE_ROOT;
		};
		"18376DB3-FC8F-4F48-AFF8-E40D3068D1ED" /* ofxAudioData */ = {
			isa = PBXGroup;
			children = (
				"04499E3D-FD02-4B51-B752-2697DB6E0625" /* src */,
			);
			name = ofxAudioData;
			sourceTree = SOURCE_ROOT;
		};
		"28D9A79D-85E5-4E71-AB45-79CDF2AE6502" /* shaders */ = {
			isa = PBXGroup;
			children = (
				"5580C1F5-7E57-4148-8C5F-E100DA3AD361" /* AddTextureShader.h */,
				"3FF743E5-9EB4-4C56-AC7C-D5714D747632" /* FadeShader.h */,
				"A115952D-32BD-4D82-B513-20579FBA7D60" /* GaussianXBlurShader.h */,
				"B5D17EBB-5706-4A3E-879D-D7B36F977CB7" /* GaussianYBlurShader.h */,
				"5C88C41A-0321-4048-AD7C-A3189636AC18" /* MaskShader.h */,
				"F665FE08-8A64-4270-8DE6-0E0E751CD073" /* MultiplyColorShader.h */,
				"5EBC03AE-79BA-40BF-A24A-58EDE10593B0" /* OpticalFlowShader.h */,
			);
			name = shaders;
			sourceTree = SOURCE_ROOT;
		};
		"32D659E9-B3C1-4EA1-9E62-EF43B15E8D94" /* osc */ = {
			isa = PBXGroup;
			children = (
				"2D83451F-9D04-4DDD-9F47-8A4F3E3B1D61" /* MessageMappingOscPacketListener.h */,
				"49F84D09-3335-4661-B956-0174A03D2183" /* OscException.h */,
				"06F13A3C-5345-47DA-A1D7-9E4290542201" /* OscHostEndianness.h */,
				"B4C65237-EA2F-4DE5-8042-9CF40E3B4BD9" /* OscOutboundPacketStream.cpp */,
				"C537DA90-48D7-44EB-82DB-179F3C26BF71" /* OscOutboundPacketStream.h */,
				"CB479768-3F08-43E8-A83F-23131117DD83" /* OscPacketListener.h */,
				"7322F1DB-3567-4529-99E1-DEDB61DAF8AF" /* OscPrintReceivedElements.cpp */,
				"F01B6DA9-4B39-49E1-BD08-6E7F3036073E" /* OscPrintReceivedElements.h */,
				"BBC7A9B6-A22B-4418-8C72-CFD1BDAC9F64" /* OscReceivedElements.cpp */,
				"5B412B0A-862A-4D4A-A860-069D58B96774" /* OscReceivedElements.h */,
				"E1F22C3E-B50F-4611-A1B9-86BF6E8DD942" /* OscTypes.cpp */,
				"8828B1C7-251C-4416-9636-AC7DA8F19EE6" /* OscTypes.h */,
			);
			name = osc;
			sourceTree = SOURCE_ROOT;
		};
		"339773B2-7946-4768-9ED1-D1AB3BB81E6D" /* posix */ = {
			isa = PBXGroup;
			children = (
				"F8E719EC-328F-431B-BB53-833B3B1B90DF" /* NetworkingUtils.cpp */,
				"38BB0F4E-59C9-44EF-B3EC-72F9B280408F" /* UdpSocket.cpp */,
			);
			name = posix;
			sourceTree = SOURCE_ROOT;
		};
		"3B4CDF91-B45B-4904-A67F-32EB6FB911D7" /* ofxGui */ = {
			isa = PBXGroup;
			children = (
				"7281ABDE-5D99-4E23-8740-94FC1C612B10" /* src */,
			);
			name = ofxGui;
			sourceTree = SOURCE_ROOT;
		};
		"3E7590DC-E0B7-43D7-B867-5A9B67A83A51" /* src */ = {
			isa = PBXGroup;
			children = (
				"8D375AFD-8BE2-43C1-A7CC-C42B24C86620" /* ofxSelfOrganizingMap.cpp */,
				"94A690E4-0BE9-430F-B3F1-959E78C5937F" /* ofxSelfOrganizingMap.h */,
			);
			name = src;
			sourceTree = SOURCE_ROOT;
		};
		"5F166677-CBEE-4B70-A59B-D021BF5217FC" /* src */ = {
			isa = PBXGroup;
			children = (
				"D768ABC4-71E2-497B-91EA-9A941ADD3A19" /* ofxHistoryPlot.cpp */,
				"D221A9A5-B667-4330-BBF6-BEF844F333F1" /* ofxHistoryPlot.h */,
			);
			name = src;
			sourceTree = SOURCE_ROOT;
		};
		"62FDD47B-5663-4A30-9038-0CEEF4802CC5" /* src */ = {
			isa = PBXGroup;
			children = (
				"E75026AF-FEA5-4507-B994-463D38B8A507" /* ip */,
				"32D659E9-B3C1-4EA1-9E62-EF43B15E8D94" /* osc */,
			);
			name = src;
			sourceTree = SOURCE_ROOT;
		};
		"70FC2215-C0CF-42E5-AF72-72A70BDBB785" /* ofxAudioAnalysisClient */ = {
			isa = PBXGroup;
			children = (
				"CEEC4B3A-8F82-493A-926F-7DF12B3998D5" /* src */,
			);
			name = ofxAudioAnalysisClient;
			sourceTree = SOURCE_ROOT;
		};
		"7281ABDE-5D99-4E23-8740-94FC1C612B10" /* src */ = {
			isa = PBXGroup;
			children = (
				"8FD5BC44-45F8-4670-94A5-854BA284F8C3" /* ofxBaseGui.cpp */,
				"23D4D4D9-31F2-4141-882E-0E0986704EEE" /* ofxBaseGui.h */,
				"5DF89186-E30F-499A-B036-7983AB9DD989" /* ofxButton.cpp */,
				"DA614288-3FF4-4212-A1D3-D5FC123D5022" /* ofxButton.h */,
				"BBDCAB05-3343-49BF-A2B1-CEAA40890833" /* ofxColorPicker.cpp */,
				"67909F7E-C3D8-44E1-A39E-4DCB8BB052E8" /* ofxColorPicker.h */,
				"3B588C1D-E565-443E-A5B6-25A34EC061A8" /* ofxGui.h */,
				"565D8292-8ACE-41CE-9338-7F50E85E5A91" /* ofxGuiGroup.cpp */,
				"377F8E08-FE6A-46AC-90F4-B2C5F637EED3" /* ofxGuiGroup.h */,
				"03253339-FDC8-4ECF-842A-DAECAF54AE92" /* ofxGuiUtils.h */,
				"E2CD93D7-89AA-4205-A94B-A55E570B8F89" /* ofxInputField.cpp */,
				"0629E48B-4DC8-4582-A5B0-66B029C70E9B" /* ofxInputField.h */,
				"2EFC9B52-BF40-442C-8E2D-73986D8D1302" /* ofxLabel.cpp */,
				"52370403-2F00-40E5-96C4-A7ADAFB6E214" /* ofxLabel.h */,
				"1F03320A-D0DD-4D31-B654-D9865722AFAD" /* ofxPanel.cpp */,
				"E6C5AD08-7E2D-4DC8-83EF-6AC51FCA5269" /* ofxPanel.h */,
				"FCD8F499-9229-48BE-9A45-A8A8B4FA517D" /* ofxSlider.cpp */,
				"DAE7A2C5-12FA-4D5C-AB37-A69666DF2191" /* ofxSlider.h */,
				"8B77A981-C0ED-4CE0-B025-F4577E3154CC" /* ofxSliderGroup.cpp */,
				"540DA6A1-C4FE-4485-B7F7-8DD7CA6B692A" /* ofxSliderGroup.h */,
				"C8D7F9A6-37A7-4DE0-B185-BD07C0F26D10" /* ofxToggle.cpp */,
				"D23C8759-B215-4571-8595-1017A6D4A672" /* ofxToggle.h */,
			);
			name = src;
			sourceTree = SOURCE_ROOT;
		};
		"79DB8487-A5EC-4F66-93F0-B907255DB6AF" /* src */ = {
			isa = PBXGroup;
			children = (
				"5E895470-24C3-441D-A147-D4DE4FC88BE6" /* ofxIntrospector.cpp */,
				"38E50B41-AB16-40A3-8CB8-C2B9CBB88271" /* ofxIntrospector.h */,
			);
			name = src;
			sourceTree = SOURCE_ROOT;
		};
		"8E3AAE40-33CF-43EC-A3E2-9689D2AB40E5" /* ofxTimeMeasurements */ = {
			isa = PBXGroup;
			children = (
				"CCA541C3-B7C4-48A5-9D93-9BF078F1B560" /* src */,
			);
			name = ofxTimeMeasurements;
			sourceTree = SOURCE_ROOT;
		};
		"96300A96-E964-4D18-8245-8896FC8FDB6E" /* fluid */ = {
			isa = PBXGroup;
			children = (
				"BE4FA95C-FD64-447B-BFF8-00EBC4ABBD14" /* AddImpulseSpotShader.h */,
				"95EC7AB6-FFAF-4B0D-B339-A781A67FDE0D" /* AddRadialImpulseShader.h */,
				"BC6A0D08-74D8-41D6-A11B-41E8267A150C" /* AdvectShader.h */,
				"B9B05DD3-84C3-4787-8354-1459827EBC91" /* ApplyBouyancyShader.h */,
				"63A27DD3-05D3-41E7-8F30-2EE9995A386C" /* ApplyVorticityForceShader.h */,
				"088CC57A-22E7-47AB-AC99-BA23A6318230" /* DivergenceRenderer.h */,
				"92E96D3E-E73C-46B9-9213-218C6DDBE098" /* FluidSimulation.h */,
				"DEE949C1-B669-43FA-A85A-1467FC6244B2" /* JacobiShader.h */,
				"DF481A77-0371-41AB-A4AD-D88A760CEC94" /* SubtractDivergenceShader.h */,
				"44F8B817-8B26-4BA9-AE3B-2FA664F51FCB" /* VorticityRenderer.h */,
			);
			name = fluid;
			sourceTree = SOURCE_ROOT;
		};
		"9C18513A-D1E1-45EF-BE6D-45EA42EEB79B" /* src */ = {
			isa = PBXGroup;
			children = (
				"E490A966-7516-44EB-B1BB-C31565C03296" /* ofxNetwork.h */,
				"84D962B3-E773-4D89-AFFD-C1994F4B16D5" /* ofxNetworkUtils.cpp */,
				"A5F321CA-AB2E-48C9-8A3A-4A68C72BDE9B" /* ofxNetworkUtils.h */,
				"A65D2B9D-C65B-4B41-A3F2-3EE229F519BC" /* ofxTCPClient.cpp */,
				"CBD56046-F5CF-4062-A687-ED4854FF54DC" /* ofxTCPClient.h */,
				"8E7831D6-6019-48F6-9081-C6681486CA79" /* ofxTCPManager.cpp */,
				"FB5BA5AD-63A4-4B9B-8978-E4556057C129" /* ofxTCPManager.h */,
				"EE8208D1-E5EE-4EA8-A28C-D5A3290DFEE5" /* ofxTCPServer.cpp */,
				"9764258C-0E92-4315-A387-3E7D22C6C4E9" /* ofxTCPServer.h */,
				"0BBF2A7E-7104-46E4-A4F1-3BA787CBF51E" /* ofxTCPSettings.h */,
				"CA53FE85-941C-4B82-B8A3-6BA58B1F5A6F" /* ofxUDPManager.cpp */,
				"AA5A38AA-1A0C-4275-8D54-EE55EB68D096" /* ofxUDPManager.h */,
				"DB1FD984-6277-4AB1-A8B9-A2FED9CE9F8D" /* ofxUDPSettings.h */,
			);
			name = src;
			sourceTree = SOURCE_ROOT;
		};
		"A0107988-69E6-4112-9AC2-007F51FFD18F" /* ofxNetwork */ = {
			isa = PBXGroup;
			children = (
				"9C18513A-D1E1-45EF-BE6D-45EA42EEB79B" /* src */,
			);
			name = ofxNetwork;
			sourceTree = SOURCE_ROOT;
		};
		BB4B014C10F69532006C3DED /* addons */ = {
			isa = PBXGroup;
			children = (
				"A0107988-69E6-4112-9AC2-007F51FFD18F" /* ofxNetwork */,
				"BEEB7784-8F16-481A-9C4B-E97BE0F1039A" /* ofxOsc */,
				"01AC7722-A4AF-4CD6-8C03-88BADAFED46C" /* ofxHistoryPlot */,
				"70FC2215-C0CF-42E5-AF72-72A70BDBB785" /* ofxAudioAnalysisClient */,
				"18376DB3-FC8F-4F48-AFF8-E40D3068D1ED" /* ofxAudioData */,
				"3B4CDF91-B45B-4904-A67F-32EB6FB911D7" /* ofxGui */,
				"0814FCA1-91DB-44D2-8AE3-B0764713DDE8" /* ofxIntrospector */,
				"165C2265-C7C8-4F7D-917F-FB5235070825" /* ofxRenderer */,
				"CAC507C5-CB30-4C07-AD32-5F20135EB053" /* ofxSelfOrganizingMap */,
				"8E3AAE40-33CF-43EC-A3E2-9689D2AB40E5" /* ofxTimeMeasurements */,
			);
			name = addons;
			path = ../../../addons;
			sourceTree = SOURCE_ROOT;
		};
		"BEEB7784-8F16-481A-9C4B-E97BE0F1039A" /* ofxOsc */ = {
			isa = PBXGroup;
			children = (
				"C19DA11F-D60D-4264-BDAE-5D2D7FF0C613" /* libs */,
				"EC7383DC-AD2F-4DA2-B353-5F9A0E2F9719" /* src */,
			);
			name = ofxOsc;
			sourceTree = SOURCE_ROOT;
		};
		"C19DA11F-D60D-4264-BDAE-5D2D7FF0C613" /* libs */ = {
			isa = PBXGroup;
			children = (
				"0638B88A-334E-4424-B314-56AC9AB853A6" /* oscpack */,
			);
			name = libs;
			sourceTree = SOURCE_ROOT;
		};
		"CAC507C5-CB30-4C07-AD32-5F20135EB053" /* ofxSelfOrganizingMap */ = {
			isa = PBXGroup;
			children = (
				"3E7590DC-E0B7-43D7-B867-5A9B67A83A51" /* src */,
			);
			name = ofxSelfOrganizingMap;
			sourceTree = SOURCE_ROOT;
		};
		"CCA541C3-B7C4-48A5-9D93-9BF078F1B560" /* src */ = {
			isa = PBXGroup;
			children = (
				"B4F7D3F8-826F-4A18-9371-492C999C0173" /* GL_Measurement.h */,
				"56F37437-59C7-4600-BCCD-00179D558E9B" /* MinimalTree.cpp */,
				"4801FCEB-3CD2-4080-95A1-5D46E61395A5" /* MinimalTree.h */,
				"E773F4F8-E5E6-4CF2-A131-69E25F6E3558" /* ofxTimeMeasurements.cpp */,
				"9555FC5A-33B7-4498-9BE7-411CA98057FF" /* ofxTimeMeasurements.h */,
				"D77063D4-2BF2-492E-AA6A-96FCF3ABB200" /* ofxTimeMeasurementsMacros.h */,
				"7CA3A800-2E08-4BB7-9A0F-18332F9ED9D8" /* ofxTimeMeasurementsScoped.cpp */,
				"FB52B767-99AA-46E1-B775-DCAF815606D1" /* ofxTimeMeasurementsScoped.h */,
			);
			name = src;
			sourceTree = SOURCE_ROOT;
		};
		"CEEC4B3A-8F82-493A-926F-7DF12B3998D5" /* src */ = {
			isa = PBXGroup;
			children = (
				"47CA2047-2005-47FA-81E0-68DABF408917" /* BaseClient.cpp */,
				"70EE9195-B38F-4FD1-A7E5-852C558FB492" /* BaseClient.hpp */,
				"56D2B861-9621-478B-B690-8E3AF6362610" /* FileClient.cpp */,
				"DE575226-C9F8-4612-9C73-6E6F3157DF15" /* FileClient.hpp */,
				"1CE70CE3-AA3A-4A15-AB04-B1F20D6F7C08" /* LiveClient.cpp */,
				"A25C76D6-92D3-4919-A73C-6CEDDB4ADA50" /* LiveClient.hpp */,
				"1D27DED3-A300-4BEA-9E3A-38AB6A03374E" /* ofxAudioAnalysisClient.h */,
			);
			name = src;
			sourceTree = SOURCE_ROOT;
		};
		"D4E637DD-470B-4A6E-AAF4-0C4EAA9503B0" /* src */ = {
			isa = PBXGroup;
			children = (
				"E1D26FFD-F807-4428-8D20-2AE18649DC45" /* PingPongFbo.h */,
				"4901A416-8B03-4940-9367-677942035EB8" /* PingPongRenderer.h */,
				"4E0717F9-A24A-4855-9360-947244B30E9F" /* Renderer.h */,
				"BA1D8C90-CEEB-4D74-924F-2588AA00C5DF" /* Shader.h */,
				"96300A96-E964-4D18-8245-8896FC8FDB6E" /* fluid */,
				"28D9A79D-85E5-4E71-AB45-79CDF2AE6502" /* shaders */,
			);
			name = src;
			sourceTree = SOURCE_ROOT;
		};
		E4B69B4A0A3A1720003C02F2 = {
			isa = PBXGroup;
			children = (
				191CD6FA2847E21E0085CBB6 /* of.entitlements */,
				E4B6FCAD0C3E899E008CF71C /* openFrameworks-Info.plist */,
				E4EB6923138AFD0F00A09F29 /* Project.xcconfig */,
				E4B69E1C0A3A1BDC003C02F2 /* src */,
				191EF70929D778A400F35F26 /* openFrameworks */,
				BB4B014C10F69532006C3DED /* addons */,
				E4B69B5B0A3A1756003C02F2 /* bells2Debug.app */,
				"D2AE41E5-5DA2-4382-B39F-B531D8473504" /* bin/data */,
			);
			sourceTree = "<group>";
		};
		E4B69E1C0A3A1BDC003C02F2 /* src */ = {
			isa = PBXGroup;
			children = (
				E4B69E1D0A3A1BDC003C02F2 /* main.cpp */,
				E4B69E1E0A3A1BDC003C02F2 /* ofApp.cpp */,
				E4B69E1F0A3A1BDC003C02F2 /* ofApp.h */,
				"6ADE8589-EC81-4613-9779-5CAC11C0BF24" /* Constants.h */,
				"1A3DFF72-55CE-4958-A44B-03ED7143C938" /* Divider.cpp */,
				"6C859C8F-9B5A-4A01-B31F-CE78C8282548" /* Divider.hpp */,
				"0161F1E1-EB32-42FF-AB85-DD6ACFA2B62E" /* Plot.cpp */,
				"94C3D3E3-5631-43F4-8E63-1701FCD90F3A" /* Plot.hpp */,
				"209D5702-5255-46B7-87E9-1933212C81EB" /* dkm.hpp */,
			);
			path = src;
			sourceTree = SOURCE_ROOT;
		};
		"E75026AF-FEA5-4507-B994-463D38B8A507" /* ip */ = {
			isa = PBXGroup;
			children = (
				"9152471A-043E-4122-AB96-F7448D8CC47C" /* IpEndpointName.cpp */,
				"57EA3903-718C-4CA6-B6D0-284671E8E090" /* IpEndpointName.h */,
				"AB8916DA-D8D5-4E83-A320-FFB5FB3CE3AB" /* NetworkingUtils.h */,
				"42668F35-325E-4C00-8FED-8BB286848274" /* PacketListener.h */,
				"0710B680-AE86-4CD6-8953-52679F9650CD" /* TimerListener.h */,
				"1105D60E-F4ED-4081-825D-C5B899279E07" /* UdpSocket.h */,
				"339773B2-7946-4768-9ED1-D1AB3BB81E6D" /* posix */,
			);
			name = ip;
			sourceTree = SOURCE_ROOT;
		};
		"EC7383DC-AD2F-4DA2-B353-5F9A0E2F9719" /* src */ = {
			isa = PBXGroup;
			children = (
				"06E090BA-9DE2-46FB-8331-2B7D0FD43A5F" /* ofxOsc.h */,
				"7839C024-0CEF-4EED-A2D7-9F3497F0400E" /* ofxOscArg.h */,
				"809273BF-46F9-4C4B-80E4-B4265D0E6F6B" /* ofxOscBundle.cpp */,
				"D17E3570-C5A0-4E77-892B-E27B6844DE30" /* ofxOscBundle.h */,
				"5000A7E9-A41C-4F6D-B9B1-DFB9782BCC96" /* ofxOscMessage.cpp */,
				"E92FC4CD-6504-4632-B7E7-EEE6974797F2" /* ofxOscMessage.h */,
				"F8BF9013-7D25-419A-A639-AC0E727AE08E" /* ofxOscParameterSync.cpp */,
				"F45224ED-9445-498E-B136-E50A2EF11F8A" /* ofxOscParameterSync.h */,
				"3A7E87AF-5190-4A3A-A871-0D2514F40059" /* ofxOscReceiver.cpp */,
				"F9AE4158-3E9B-4AC1-B4F4-1366954B83C5" /* ofxOscReceiver.h */,
				"507FADB0-8622-4C9C-B7EB-441044E96337" /* ofxOscSender.cpp */,
				"32565AD4-93A0-4B7D-96ED-A170B0963618" /* ofxOscSender.h */,
			);
			name = src;
			sourceTree = SOURCE_ROOT;
		};
/* End PBXGroup section */

/* Begin PBXNativeTarget section */
		E4B69B5A0A3A1756003C02F2 /* bells2 */ = {
			isa = PBXNativeTarget;
			buildConfigurationList = E4B69B5F0A3A1757003C02F2 /* Build configuration list for PBXNativeTarget "bells2" */;
			buildPhases = (
				E42962A92163ECCD00A6A9E2 /* Run Script — Compile OF */,
				E4B69B580A3A1756003C02F2 /* Sources */,
				E4B69B590A3A1756003C02F2 /* Frameworks */,
				E4C2427710CC5ABF004149E2 /* CopyFiles */,
				E4A5B60F29BAAAE400C2D356 /* CopyFiles */,
				19B789C429E5AB4A0082E9B8 /* ShellScript */,
			);
			buildRules = (
			);
			dependencies = (
			);
			name = bells2;
			productName = myOFApp;
			productReference = E4B69B5B0A3A1756003C02F2 /* bells2Debug.app */;
			productType = "com.apple.product-type.application";
		};
/* End PBXNativeTarget section */

/* Begin PBXProject section */
		E4B69B4C0A3A1720003C02F2 /* Project object */ = {
			isa = PBXProject;
			attributes = {
				BuildIndependentTargetsInParallel = YES;
				LastUpgradeCheck = 1540;
			};
			buildConfigurationList = E4B69B4D0A3A1720003C02F2 /* Build configuration list for PBXProject "bells2" */;
			compatibilityVersion = "Xcode 3.2";
			developmentRegion = en;
			hasScannedForEncodings = 0;
			knownRegions = (
				en,
				Base,
			);
			mainGroup = E4B69B4A0A3A1720003C02F2;
			productRefGroup = E4B69B4A0A3A1720003C02F2;
			projectDirPath = "";
			projectRoot = "";
			targets = (
				E4B69B5A0A3A1756003C02F2 /* bells2 */,
			);
		};
/* End PBXProject section */

/* Begin PBXShellScriptBuildPhase section */
		19B789C429E5AB4A0082E9B8 /* ShellScript */ = {
			isa = PBXShellScriptBuildPhase;
			alwaysOutOfDate = 1;
			buildActionMask = 2147483647;
			files = (
			);
			inputFileListPaths = (
			);
			inputPaths = (
			);
			outputFileListPaths = (
			);
			outputPaths = (
			);
			runOnlyForDeploymentPostprocessing = 0;
			shellPath = /bin/sh;
			shellScript = "\"$OF_PATH/scripts/osx/xcode_project.sh\"\n";
			showEnvVarsInLog = 0;
		};
		E42962A92163ECCD00A6A9E2 /* Run Script — Compile OF */ = {
			isa = PBXShellScriptBuildPhase;
			alwaysOutOfDate = 1;
			buildActionMask = 2147483647;
			files = (
			);
			inputPaths = (
			);
			name = "Run Script — Compile OF";
			outputPaths = (
			);
			runOnlyForDeploymentPostprocessing = 0;
			shellPath = /bin/sh;
			shellScript = "echo \"💾 Compiling Openframeworks\"\nxcodebuild -project \"$OF_PATH/libs/openFrameworksCompiled/project/osx/openFrameworksLib.xcodeproj\" -target openFrameworks -configuration \"${CONFIGURATION}\"  CLANG_CXX_LANGUAGE_STANDARD=$CLANG_CXX_LANGUAGE_STANDARD MACOSX_DEPLOYMENT_TARGET=$MACOSX_DEPLOYMENT_TARGET GCC_PREPROCESSOR_DEFINITIONS='$USER_PREPROCESSOR_DEFINITIONS'\n";
			showEnvVarsInLog = 0;
		};
/* End PBXShellScriptBuildPhase section */

/* Begin PBXSourcesBuildPhase section */
		E4B69B580A3A1756003C02F2 /* Sources */ = {
			isa = PBXSourcesBuildPhase;
			buildActionMask = 2147483647;
			files = (
				E4B69E200A3A1BDC003C02F2 /* main.cpp in Sources */,
				E4B69E210A3A1BDC003C02F2 /* ofApp.cpp in Sources */,
				"51F94877-518F-48C2-9D37-C24693EA68CB" /* Divider.cpp in Sources */,
				"5D9F0E55-33C5-44B0-AABA-86C913EB09B7" /* Plot.cpp in Sources */,
				"D868A48A-9D7E-43CF-ABC2-EE1111795482" /* ofxNetworkUtils.cpp in Sources */,
				"E0E4C317-E647-4418-906F-AFA8DB3DDAFF" /* ofxTCPClient.cpp in Sources */,
				"FD65E504-63FB-4A1F-89B6-8F292FBDA3CD" /* ofxTCPManager.cpp in Sources */,
				"8800F784-57E8-4EB5-A290-7B39011C68F2" /* ofxTCPServer.cpp in Sources */,
				"E3022C89-A768-4D63-AF05-2EECB04F2A19" /* ofxUDPManager.cpp in Sources */,
				"6310159C-E74C-4999-9471-456DEC23AD65" /* IpEndpointName.cpp in Sources */,
				"2F5E88FF-0140-4B58-9ADA-2CC6854634A5" /* NetworkingUtils.cpp in Sources */,
				"969C2095-4BD6-48A5-8729-24A2B7E84219" /* UdpSocket.cpp in Sources */,
				"7893AD60-01CE-4171-A5A0-A5B788FB7397" /* OscOutboundPacketStream.cpp in Sources */,
				"14AF05F0-4069-418B-985C-B938AB88B388" /* OscPrintReceivedElements.cpp in Sources */,
				"5EA50A90-4CD8-4F9A-A95C-93CA57BCA9B8" /* OscReceivedElements.cpp in Sources */,
				"0D90C29E-0408-439D-9AA4-87FE45DDB640" /* OscTypes.cpp in Sources */,
				"98A77324-26A0-4881-AC83-C36056478B89" /* ofxOscBundle.cpp in Sources */,
				"4DFD4ADF-DCC0-48BE-A1C2-CA2A0DBA87E8" /* ofxOscMessage.cpp in Sources */,
				"CA0C2F28-9D68-4508-A93E-42701F0BB35C" /* ofxOscParameterSync.cpp in Sources */,
				"570B0E02-A1A7-45DA-A227-EF58F4744E66" /* ofxOscReceiver.cpp in Sources */,
				"464BC10A-FE04-4EC7-9D35-52A08EA377CD" /* ofxOscSender.cpp in Sources */,
				"9BFB35F8-726C-48BD-920D-1CF8A218C992" /* ofxHistoryPlot.cpp in Sources */,
				"8773041D-B34B-4E71-A1DF-DD13769C1552" /* BaseClient.cpp in Sources */,
				"CECA3BC7-21D7-4361-9C0E-C6AFFAD18B70" /* FileClient.cpp in Sources */,
				"E16658ED-1BC4-4DFA-BC7A-70E508C4C4CB" /* LiveClient.cpp in Sources */,
				"59A60AF9-FAA2-48D7-9364-87BC401CEDFD" /* Plots.cpp in Sources */,
				"E843EC37-EF9E-437B-9CAF-54B00BCDD340" /* Processor.cpp in Sources */,
				"5D00F723-156D-4F65-99BA-6B99DB5F658B" /* SpectrumPlots.cpp in Sources */,
				"7E959760-657D-4196-9628-B561BEF63B63" /* ofxBaseGui.cpp in Sources */,
				"1932F6D5-48C2-4B01-80A6-D792790C49CF" /* ofxButton.cpp in Sources */,
				"EC6D30D6-D642-42D5-9693-75D80FF5071A" /* ofxColorPicker.cpp in Sources */,
				"E2C5DC68-CCFA-4747-B5C7-7991ADF283A2" /* ofxGuiGroup.cpp in Sources */,
				"28520B8F-3BFA-40EC-B87B-477C40F40E4D" /* ofxInputField.cpp in Sources */,
				"D0482E14-5AB1-4E27-A9B9-5D4EB587A00F" /* ofxLabel.cpp in Sources */,
				"DEF1BBA5-FA0E-4E15-8AF3-6A5ED3EA01AA" /* ofxPanel.cpp in Sources */,
				"DF64E084-6CA0-4E55-834A-771D888AD92A" /* ofxSlider.cpp in Sources */,
				"2DFBF1B4-C22A-4374-BE2C-0808FC96FA6F" /* ofxSliderGroup.cpp in Sources */,
				"0168A98F-DBE8-44CB-90D7-4C10414B7546" /* ofxToggle.cpp in Sources */,
				"CCA99A30-EA15-42EF-9821-3D2B40C8B49B" /* ofxIntrospector.cpp in Sources */,
				"5D8CE511-B372-4426-9966-75B92A79D87A" /* ofxSelfOrganizingMap.cpp in Sources */,
				"7479E96D-2B8B-4B86-963C-0F4EF6E63473" /* MinimalTree.cpp in Sources */,
				"167A2DA8-7855-444A-B80A-E8414C4CA394" /* ofxTimeMeasurements.cpp in Sources */,
				"1858A997-9AA3-4705-AF2F-FE62C21EDD3D" /* ofxTimeMeasurementsScoped.cpp in Sources */,
			);
			runOnlyForDeploymentPostprocessing = 0;
		};
/* End PBXSourcesBuildPhase section */

/* Begin XCBuildConfiguration section */
		E4B69B4E0A3A1720003C02F2 /* Debug */ = {
			isa = XCBuildConfiguration;
			baseConfigurationReference = E4EB6923138AFD0F00A09F29 /* Project.xcconfig */;
			buildSettings = {
				CODE_SIGN_ENTITLEMENTS = of.entitlements;
				COPY_PHASE_STRIP = NO;
				ENABLE_TESTABILITY = YES;
				GCC_OPTIMIZATION_LEVEL = 0;
				GCC_WARN_UNUSED_VARIABLE = NO;
				HEADER_SEARCH_PATHS = (
					"$(OF_CORE_HEADERS)",
					src,
				);
				OTHER_CPLUSPLUSFLAGS = "-D__MACOSX_CORE__";
			};
			name = Debug;
		};
		E4B69B4F0A3A1720003C02F2 /* Release */ = {
			isa = XCBuildConfiguration;
			baseConfigurationReference = E4EB6923138AFD0F00A09F29 /* Project.xcconfig */;
			buildSettings = {
				CODE_SIGN_ENTITLEMENTS = of.entitlements;
				COPY_PHASE_STRIP = YES;
				GCC_OPTIMIZATION_LEVEL = 3;
				GCC_UNROLL_LOOPS = YES;
				HEADER_SEARCH_PATHS = (
					"$(OF_CORE_HEADERS)",
					src,
				);
				OTHER_CPLUSPLUSFLAGS = "-D__MACOSX_CORE__";
			};
			name = Release;
		};
		E4B69B600A3A1757003C02F2 /* Debug */ = {
			isa = XCBuildConfiguration;
			baseConfigurationReference = E4EB6923138AFD0F00A09F29 /* Project.xcconfig */;
			buildSettings = {
				ARCHS = "$(ARCHS_STANDARD)";
				COPY_PHASE_STRIP = NO;
				FRAMEWORK_SEARCH_PATHS = "$(inherited)";
				GCC_DYNAMIC_NO_PIC = NO;
				GCC_PREPROCESSOR_DEFINITIONS = USE_OFX_HISTORYPLOT;
				HEADER_SEARCH_PATHS = (
					"$(OF_CORE_HEADERS)",
					src,
					src,
					../../../addons/ofxNetwork/src,
					../../../addons/ofxOsc/libs,
					../../../addons/ofxOsc/libs/oscpack,
					../../../addons/ofxOsc/libs/oscpack/src,
					../../../addons/ofxOsc/libs/oscpack/src/ip,
					../../../addons/ofxOsc/libs/oscpack/src/ip/posix,
					../../../addons/ofxOsc/libs/oscpack/src/osc,
					../../../addons/ofxOsc/src,
					../../../addons/ofxHistoryPlot/src,
					../../../addons/ofxAudioAnalysisClient/libs,
					../../../addons/ofxAudioAnalysisClient/src,
					../../../addons/ofxAudioData/libs,
					../../../addons/ofxAudioData/src,
					../../../addons/ofxGui/src,
					../../../addons/ofxIntrospector/libs,
					../../../addons/ofxIntrospector/src,
					../../../addons/ofxRenderer/libs,
					../../../addons/ofxRenderer/src,
					../../../addons/ofxRenderer/src/fluid,
					../../../addons/ofxRenderer/src/renderers,
					../../../addons/ofxRenderer/src/shaders,
					../../../addons/ofxSelfOrganizingMap/src,
					../../../addons/ofxTimeMeasurements/src,
				);
				LIBRARY_SEARCH_PATHS = "$(inherited)";
				OTHER_LDFLAGS = (
					"$(OF_CORE_LIBS)",
					"$(OF_CORE_FRAMEWORKS)",
					"$(LIB_OF_DEBUG)",
				);
			};
			name = Debug;
		};
		E4B69B610A3A1757003C02F2 /* Release */ = {
			isa = XCBuildConfiguration;
			baseConfigurationReference = E4EB6923138AFD0F00A09F29 /* Project.xcconfig */;
			buildSettings = {
				ARCHS = "$(ARCHS_STANDARD)";
				COPY_PHASE_STRIP = YES;
				FRAMEWORK_SEARCH_PATHS = "$(inherited)";
				GCC_PREPROCESSOR_DEFINITIONS = USE_OFX_HISTORYPLOT;
				HEADER_SEARCH_PATHS = (
					"$(OF_CORE_HEADERS)",
					src,
					src,
					../../../addons/ofxNetwork/src,
					../../../addons/ofxOsc/libs,
					../../../addons/ofxOsc/libs/oscpack,
					../../../addons/ofxOsc/libs/oscpack/src,
					../../../addons/ofxOsc/libs/oscpack/src/ip,
					../../../addons/ofxOsc/libs/oscpack/src/ip/posix,
					../../../addons/ofxOsc/libs/oscpack/src/osc,
					../../../addons/ofxOsc/src,
					../../../addons/ofxHistoryPlot/src,
					../../../addons/ofxAudioAnalysisClient/libs,
					../../../addons/ofxAudioAnalysisClient/src,
					../../../addons/ofxAudioData/libs,
					../../../addons/ofxAudioData/src,
					../../../addons/ofxGui/src,
					../../../addons/ofxIntrospector/libs,
					../../../addons/ofxIntrospector/src,
					../../../addons/ofxRenderer/libs,
					../../../addons/ofxRenderer/src,
					../../../addons/ofxRenderer/src/fluid,
					../../../addons/ofxRenderer/src/renderers,
					../../../addons/ofxRenderer/src/shaders,
					../../../addons/ofxSelfOrganizingMap/src,
					../../../addons/ofxTimeMeasurements/src,
				);
				LIBRARY_SEARCH_PATHS = "$(inherited)";
				OTHER_LDFLAGS = (
					"$(OF_CORE_LIBS)",
					"$(OF_CORE_FRAMEWORKS)",
					"$(LIB_OF)",
				);
				baseConfigurationReference = E4EB6923138AFD0F00A09F29;
			};
			name = Release;
		};
/* End XCBuildConfiguration section */

/* Begin XCConfigurationList section */
		E4B69B4D0A3A1720003C02F2 /* Build configuration list for PBXProject "bells2" */ = {
			isa = XCConfigurationList;
			buildConfigurations = (
				E4B69B4E0A3A1720003C02F2 /* Debug */,
				E4B69B4F0A3A1720003C02F2 /* Release */,
			);
			defaultConfigurationIsVisible = 0;
			defaultConfigurationName = Release;
		};
		E4B69B5F0A3A1757003C02F2 /* Build configuration list for PBXNativeTarget "bells2" */ = {
			isa = XCConfigurationList;
			buildConfigurations = (
				E4B69B600A3A1757003C02F2 /* Debug */,
				E4B69B610A3A1757003C02F2 /* Release */,
			);
			defaultConfigurationIsVisible = 0;
			defaultConfigurationName = Release;
		};
/* End XCConfigurationList section */
	};
	rootObject = E4B69B4C0A3A1720003C02F2 /* Project object */;
}
